// !$*UTF8*$!
{
	archiveVersion = 1;
	classes = {
	};
	objectVersion = 46;
	objects = {

/* Begin PBXBuildFile section */
		00C21076546BD3C41BE3490C /* OpenGL.framework in Frameworks */ = {isa = PBXBuildFile; fileRef = A6961D66C3C9A60E52FE8322 /* OpenGL.framework */; };
		02A71A20CE716BA7C3B2F56A /* MinMax.cpp in Sources */ = {isa = PBXBuildFile; fileRef = AAC622D91CDBA8EEEB4EF571 /* MinMax.cpp */; };
		03698EE2E5FF48CDE29AEC46 /* include_juce_opengl.mm in Sources */ = {isa = PBXBuildFile; fileRef = 374F0149F402FB7BA8DE3AAB /* include_juce_opengl.mm */; };
		0454F6D3CE70B576DE2467CF /* Icon.icns in Resources */ = {isa = PBXBuildFile; fileRef = 1EF058894013FE550E2D5F0F /* Icon.icns */; };
		06939BB9EBCAC3CF41C7F641 /* include_juce_gui_extra.mm in Sources */ = {isa = PBXBuildFile; fileRef = F89CEB00FDE42784CBA9F564 /* include_juce_gui_extra.mm */; };
		07E12BE17CFB926C86D27FCF /* AboutWindowContent.cpp in Sources */ = {isa = PBXBuildFile; fileRef = 88B6BF8CE4F9098F8B3125DA /* AboutWindowContent.cpp */; };
		0E51070E819AB7C1167F2F59 /* SecondOrderDifference.cpp in Sources */ = {isa = PBXBuildFile; fileRef = 20E9C88336BF4382FBE1C1E5 /* SecondOrderDifference.cpp */; };
		191126CDFE05B4DD77814475 /* include_juce_events.mm in Sources */ = {isa = PBXBuildFile; fileRef = 4F2BA0E35D03A7EE8482CB44 /* include_juce_events.mm */; };
		1D02B17B52BBAF2FEFC66770 /* SettingsWindow.cpp in Sources */ = {isa = PBXBuildFile; fileRef = 7595B7173D43076A21529378 /* SettingsWindow.cpp */; };
		213B84422D5E296F87A9953D /* include_juce_data_structures.mm in Sources */ = {isa = PBXBuildFile; fileRef = 079B3A191BE4DC5CE6755D14 /* include_juce_data_structures.mm */; };
		271E48AB127BA9FEF4A36FD0 /* MyoMapperLookAndFeel.cpp in Sources */ = {isa = PBXBuildFile; fileRef = 03B28010F0EBF201F665C52E /* MyoMapperLookAndFeel.cpp */; };
		28095979E46899318F1506F5 /* ZeroCrossingRate.cpp in Sources */ = {isa = PBXBuildFile; fileRef = C031E0E674733895BFB4595C /* ZeroCrossingRate.cpp */; };
		2DDF3D6B66671A4C35A871DA /* Application.cpp in Sources */ = {isa = PBXBuildFile; fileRef = 6A2F9BBCFDC750D4E34238B9 /* Application.cpp */; };
		2EA91483B878C0FF5DD75119 /* ScaleValues.cpp in Sources */ = {isa = PBXBuildFile; fileRef = 08E2AF547C64DF07847A2A99 /* ScaleValues.cpp */; };
		3241BB551AF7B80A02389059 /* include_juce_osc.cpp in Sources */ = {isa = PBXBuildFile; fileRef = 77FCFB967B0413872AB7D756 /* include_juce_osc.cpp */; };
		3249BC9D9EFFE689218A472F /* Pose.cpp in Sources */ = {isa = PBXBuildFile; fileRef = D0E27C8574274A61319FA848 /* Pose.cpp */; };
		32E490741FD85F7700B1312C /* myo.framework in Frameworks */ = {isa = PBXBuildFile; fileRef = 32E490731FD85F7700B1312C /* myo.framework */; };
		32E490751FD85F7A00B1312C /* myo.framework in Frameworks */ = {isa = PBXBuildFile; fileRef = 32E490731FD85F7700B1312C /* myo.framework */; };
		32E490761FD85F7A00B1312C /* myo.framework in Embed Frameworks */ = {isa = PBXBuildFile; fileRef = 32E490731FD85F7700B1312C /* myo.framework */; settings = {ATTRIBUTES = (CodeSignOnCopy, RemoveHeadersOnCopy, ); }; };
		395070209AB1F4B1098D5BB5 /* include_juce_graphics.mm in Sources */ = {isa = PBXBuildFile; fileRef = C5F124CD026F1046BA83D694 /* include_juce_graphics.mm */; };
		470E1D58127B8552268E162F /* Mav.cpp in Sources */ = {isa = PBXBuildFile; fileRef = 0FBD7B57E2B7CBA61532A05F /* Mav.cpp */; };
		533A7BF0697FD9559F3531CB /* include_juce_core.mm in Sources */ = {isa = PBXBuildFile; fileRef = 663FC95A1253F250D8926A5B /* include_juce_core.mm */; };
		5D59FCC8E5C745F862AB4C86 /* VisualsWindow.cpp in Sources */ = {isa = PBXBuildFile; fileRef = E6F275D7F89A185CFDDF16FB /* VisualsWindow.cpp */; };
		6507943995181A90AF2AB700 /* WebKit.framework in Frameworks */ = {isa = PBXBuildFile; fileRef = B45BCCAF5D0552B62F8ADC0C /* WebKit.framework */; };
		6A9BE3ECAC10B96143BD3458 /* FirstOrderDifference.cpp in Sources */ = {isa = PBXBuildFile; fileRef = 325B30514F5198958D9DA487 /* FirstOrderDifference.cpp */; };
		6AB90C5CE10D08EBB5994026 /* OrScaling.cpp in Sources */ = {isa = PBXBuildFile; fileRef = 5AFFD83C8D06526E5736CF69 /* OrScaling.cpp */; };
		808C19E032283899C075FEFF /* QuartzCore.framework in Frameworks */ = {isa = PBXBuildFile; fileRef = EEF39C81C7C79A4A39C8C86A /* QuartzCore.framework */; };
		81ECB3913FA09B4055E5AF4A /* Rescale.cpp in Sources */ = {isa = PBXBuildFile; fileRef = 23A55183070DC0A7651642F9 /* Rescale.cpp */; };
		8C02A0645CE80863A04A7A06 /* DataSelectorWindow.cpp in Sources */ = {isa = PBXBuildFile; fileRef = DE102F758DCB3B1D68325455 /* DataSelectorWindow.cpp */; };
		8C8F9A92519A4EA918581B03 /* RecentFilesMenuTemplate.nib in Resources */ = {isa = PBXBuildFile; fileRef = 362301F4D9F3494F257A83B1 /* RecentFilesMenuTemplate.nib */; };
		90A92596A3A25D4FB55D0A4E /* WindowDrawer.cpp in Sources */ = {isa = PBXBuildFile; fileRef = A97B1A54153906C894F71CF2 /* WindowDrawer.cpp */; };
		94D856A6F72CA3C27DB817E7 /* include_juce_gui_basics.mm in Sources */ = {isa = PBXBuildFile; fileRef = DF21A92FA40535D46646DA93 /* include_juce_gui_basics.mm */; };
		99CAD7971DB8C87B79AB2B0C /* Main.cpp in Sources */ = {isa = PBXBuildFile; fileRef = C18CFCFFAE8241D1D539735E /* Main.cpp */; };
		A23BEDD1ABEEB232B5374068 /* HelpWindow.cpp in Sources */ = {isa = PBXBuildFile; fileRef = 4C7527C34389EF6A479A58A3 /* HelpWindow.cpp */; };
		AF7A28C91E53F7FEA5581AA9 /* OscValueTreeItem.cpp in Sources */ = {isa = PBXBuildFile; fileRef = 81E3D666419D27DCD491AE61 /* OscValueTreeItem.cpp */; };
		B49A04CF078408C58A352639 /* Orientation.cpp in Sources */ = {isa = PBXBuildFile; fileRef = 7F7535CCD13DBE78F9C9DE3E /* Orientation.cpp */; };
		C116BA0C6679EE33707BA158 /* IOKit.framework in Frameworks */ = {isa = PBXBuildFile; fileRef = C4CC130375FB18D502CFB639 /* IOKit.framework */; };
		CF8B0D6C385EB3BCF8317249 /* OSC.cpp in Sources */ = {isa = PBXBuildFile; fileRef = 6A18C977BC4C604CECA4E654 /* OSC.cpp */; };
		CFC5CD071E61E06A43A9DC8E /* WindowList.cpp in Sources */ = {isa = PBXBuildFile; fileRef = CD01407694E00DA3913535CA /* WindowList.cpp */; };
		D6B1435E336D3D5A66FCF16B /* Carbon.framework in Frameworks */ = {isa = PBXBuildFile; fileRef = 175332EA85B1F4026F148E47 /* Carbon.framework */; };
		D6C0628A4ADA8248CD9EA1FF /* MyoManager.cpp in Sources */ = {isa = PBXBuildFile; fileRef = 617E16C7B231A93A6174CADC /* MyoManager.cpp */; };
		E0E2975352C263B3304FB06D /* BinaryData.cpp in Sources */ = {isa = PBXBuildFile; fileRef = E63FB5683F3DD5CB2F45DCF6 /* BinaryData.cpp */; };
		E3062B6C46B26C7AB9125585 /* MovingAverage.cpp in Sources */ = {isa = PBXBuildFile; fileRef = 09054499FC47F9722A05AF21 /* MovingAverage.cpp */; };
		EA6B6B9A2254D93F7BE9742B /* Cocoa.framework in Frameworks */ = {isa = PBXBuildFile; fileRef = 64200BD72BE5B8158B73877B /* Cocoa.framework */; };
		F9A2468BA8A175E78F1A8D6D /* MyoListener.cpp in Sources */ = {isa = PBXBuildFile; fileRef = 3F7EFCC1DF1732FF95075D6F /* MyoListener.cpp */; };
/* End PBXBuildFile section */

/* Begin PBXCopyFilesBuildPhase section */
		32E4906A1FD85BBB00B1312C /* Embed Frameworks */ = {
			isa = PBXCopyFilesBuildPhase;
			buildActionMask = 2147483647;
			dstPath = "";
			dstSubfolderSpec = 10;
			files = (
				32E490761FD85F7A00B1312C /* myo.framework in Embed Frameworks */,
			);
			name = "Embed Frameworks";
			runOnlyForDeploymentPostprocessing = 0;
		};
/* End PBXCopyFilesBuildPhase section */

/* Begin PBXFileReference section */
		03B28010F0EBF201F665C52E /* MyoMapperLookAndFeel.cpp */ = {isa = PBXFileReference; lastKnownFileType = sourcecode.cpp.cpp; name = MyoMapperLookAndFeel.cpp; path = ../../Source/Utility/MyoMapperLookAndFeel.cpp; sourceTree = SOURCE_ROOT; };
		079B3A191BE4DC5CE6755D14 /* include_juce_data_structures.mm */ = {isa = PBXFileReference; lastKnownFileType = sourcecode.cpp.objcpp; name = include_juce_data_structures.mm; path = ../../JuceLibraryCode/include_juce_data_structures.mm; sourceTree = SOURCE_ROOT; };
		08485E088A12E8E1CADAECF2 /* juce_core */ = {isa = PBXFileReference; lastKnownFileType = folder; name = juce_core; path = ../../JuceLibraryCode/modules/juce_core; sourceTree = SOURCE_ROOT; };
		08E2AF547C64DF07847A2A99 /* ScaleValues.cpp */ = {isa = PBXFileReference; lastKnownFileType = sourcecode.cpp.cpp; name = ScaleValues.cpp; path = ../../Source/Features/ScaleValues.cpp; sourceTree = SOURCE_ROOT; };
		09054499FC47F9722A05AF21 /* MovingAverage.cpp */ = {isa = PBXFileReference; lastKnownFileType = sourcecode.cpp.cpp; name = MovingAverage.cpp; path = ../../Source/Features/MovingAverage.cpp; sourceTree = SOURCE_ROOT; };
		0BF7F949C1A5C51D862B8913 /* AppConfig.h */ = {isa = PBXFileReference; lastKnownFileType = sourcecode.c.h; name = AppConfig.h; path = ../../JuceLibraryCode/AppConfig.h; sourceTree = SOURCE_ROOT; };
		0D2CC5504AA1B63D2778969E /* CommandIDs.h */ = {isa = PBXFileReference; lastKnownFileType = sourcecode.c.h; name = CommandIDs.h; path = ../../Source/Utility/CommandIDs.h; sourceTree = SOURCE_ROOT; };
		0D364FAE3E5118612FBAA60E /* MyoManager.h */ = {isa = PBXFileReference; lastKnownFileType = sourcecode.c.h; name = MyoManager.h; path = ../../Source/Myo/MyoManager.h; sourceTree = SOURCE_ROOT; };
		0FBD7B57E2B7CBA61532A05F /* Mav.cpp */ = {isa = PBXFileReference; lastKnownFileType = sourcecode.cpp.cpp; name = Mav.cpp; path = ../../Source/Features/Mav.cpp; sourceTree = SOURCE_ROOT; };
		11B5BA1CB7C84A3931343855 /* juce_data_structures */ = {isa = PBXFileReference; lastKnownFileType = folder; name = juce_data_structures; path = ../../JuceLibraryCode/modules/juce_data_structures; sourceTree = SOURCE_ROOT; };
		14BF9153852D91E8E9AABD5C /* ScaleValues.h */ = {isa = PBXFileReference; lastKnownFileType = sourcecode.c.h; name = ScaleValues.h; path = ../../Source/Features/ScaleValues.h; sourceTree = SOURCE_ROOT; };
		153F3F7A0B33D6620424FABD /* icon.png */ = {isa = PBXFileReference; lastKnownFileType = image.png; name = icon.png; path = ../../Resources/icon.png; sourceTree = SOURCE_ROOT; };
		16A43C6E21D3684EB662A951 /* MovingAverage.h */ = {isa = PBXFileReference; lastKnownFileType = sourcecode.c.h; name = MovingAverage.h; path = ../../Source/Features/MovingAverage.h; sourceTree = SOURCE_ROOT; };
		175332EA85B1F4026F148E47 /* Carbon.framework */ = {isa = PBXFileReference; lastKnownFileType = wrapper.framework; name = Carbon.framework; path = System/Library/Frameworks/Carbon.framework; sourceTree = SDKROOT; };
		1EF058894013FE550E2D5F0F /* Icon.icns */ = {isa = PBXFileReference; lastKnownFileType = file.icns; path = Icon.icns; sourceTree = SOURCE_ROOT; };
		20E9C88336BF4382FBE1C1E5 /* SecondOrderDifference.cpp */ = {isa = PBXFileReference; lastKnownFileType = sourcecode.cpp.cpp; name = SecondOrderDifference.cpp; path = ../../Source/Features/SecondOrderDifference.cpp; sourceTree = SOURCE_ROOT; };
		23A55183070DC0A7651642F9 /* Rescale.cpp */ = {isa = PBXFileReference; lastKnownFileType = sourcecode.cpp.cpp; name = Rescale.cpp; path = ../../Source/Windows/Rescale.cpp; sourceTree = SOURCE_ROOT; };
		2B2F9DF77312BF8D3359ABF6 /* juce_osc */ = {isa = PBXFileReference; lastKnownFileType = folder; name = juce_osc; path = ../../JuceLibraryCode/modules/juce_osc; sourceTree = SOURCE_ROOT; };
		30C2807D73F026BDA4DBC97C /* Application.h */ = {isa = PBXFileReference; lastKnownFileType = sourcecode.c.h; name = Application.h; path = ../../Source/Application.h; sourceTree = SOURCE_ROOT; };
		325B30514F5198958D9DA487 /* FirstOrderDifference.cpp */ = {isa = PBXFileReference; lastKnownFileType = sourcecode.cpp.cpp; name = FirstOrderDifference.cpp; path = ../../Source/Features/FirstOrderDifference.cpp; sourceTree = SOURCE_ROOT; };
		32E490731FD85F7700B1312C /* myo.framework */ = {isa = PBXFileReference; lastKnownFileType = wrapper.framework; name = myo.framework; path = ../../../../../../Library/Frameworks/myo.framework; sourceTree = "<group>"; };
		34549BDEAEF79A8B5E01A4D5 /* JuceHeader.h */ = {isa = PBXFileReference; lastKnownFileType = sourcecode.c.h; name = JuceHeader.h; path = ../../JuceLibraryCode/JuceHeader.h; sourceTree = SOURCE_ROOT; };
		362301F4D9F3494F257A83B1 /* RecentFilesMenuTemplate.nib */ = {isa = PBXFileReference; lastKnownFileType = file.nib; path = RecentFilesMenuTemplate.nib; sourceTree = SOURCE_ROOT; };
		374F0149F402FB7BA8DE3AAB /* include_juce_opengl.mm */ = {isa = PBXFileReference; lastKnownFileType = sourcecode.cpp.objcpp; name = include_juce_opengl.mm; path = ../../JuceLibraryCode/include_juce_opengl.mm; sourceTree = SOURCE_ROOT; };
		382FA0B1212BB77E747D28E1 /* ZeroCrossingRate.h */ = {isa = PBXFileReference; lastKnownFileType = sourcecode.c.h; name = ZeroCrossingRate.h; path = ../../Source/Features/ZeroCrossingRate.h; sourceTree = SOURCE_ROOT; };
		3F7EFCC1DF1732FF95075D6F /* MyoListener.cpp */ = {isa = PBXFileReference; lastKnownFileType = sourcecode.cpp.cpp; name = MyoListener.cpp; path = ../../Source/Myo/MyoListener.cpp; sourceTree = SOURCE_ROOT; };
		40A7AEE27559C18635A92AB9 /* Myo Mapper.app */ = {isa = PBXFileReference; explicitFileType = wrapper.application; includeInIndex = 0; path = "Myo Mapper.app"; sourceTree = BUILT_PRODUCTS_DIR; };
		47701966C3BE957BC8BAD719 /* AboutWindowContent.h */ = {isa = PBXFileReference; lastKnownFileType = sourcecode.c.h; name = AboutWindowContent.h; path = ../../Source/Windows/AboutWindowContent.h; sourceTree = SOURCE_ROOT; };
		487D0088730877127872361C /* WindowDrawer.h */ = {isa = PBXFileReference; lastKnownFileType = sourcecode.c.h; name = WindowDrawer.h; path = ../../Source/Windows/WindowDrawer.h; sourceTree = SOURCE_ROOT; };
		4A162766AC04264BB7B88223 /* juce_gui_basics */ = {isa = PBXFileReference; lastKnownFileType = folder; name = juce_gui_basics; path = ../../JuceLibraryCode/modules/juce_gui_basics; sourceTree = SOURCE_ROOT; };
		4C7527C34389EF6A479A58A3 /* HelpWindow.cpp */ = {isa = PBXFileReference; lastKnownFileType = sourcecode.cpp.cpp; name = HelpWindow.cpp; path = ../../Source/Windows/HelpWindow.cpp; sourceTree = SOURCE_ROOT; };
		4F2BA0E35D03A7EE8482CB44 /* include_juce_events.mm */ = {isa = PBXFileReference; lastKnownFileType = sourcecode.cpp.objcpp; name = include_juce_events.mm; path = ../../JuceLibraryCode/include_juce_events.mm; sourceTree = SOURCE_ROOT; };
		549F61BBD2FFA4229E4D6391 /* SecondOrderDifference.h */ = {isa = PBXFileReference; lastKnownFileType = sourcecode.c.h; name = SecondOrderDifference.h; path = ../../Source/Features/SecondOrderDifference.h; sourceTree = SOURCE_ROOT; };
		5AFFD83C8D06526E5736CF69 /* OrScaling.cpp */ = {isa = PBXFileReference; lastKnownFileType = sourcecode.cpp.cpp; name = OrScaling.cpp; path = ../../Source/Features/OrScaling.cpp; sourceTree = SOURCE_ROOT; };
		6046D64B75047143F4EC4D7A /* MinMax.h */ = {isa = PBXFileReference; lastKnownFileType = sourcecode.c.h; name = MinMax.h; path = ../../Source/Features/MinMax.h; sourceTree = SOURCE_ROOT; };
		617E16C7B231A93A6174CADC /* MyoManager.cpp */ = {isa = PBXFileReference; lastKnownFileType = sourcecode.cpp.cpp; name = MyoManager.cpp; path = ../../Source/Myo/MyoManager.cpp; sourceTree = SOURCE_ROOT; };
		64200BD72BE5B8158B73877B /* Cocoa.framework */ = {isa = PBXFileReference; lastKnownFileType = wrapper.framework; name = Cocoa.framework; path = System/Library/Frameworks/Cocoa.framework; sourceTree = SDKROOT; };
		663FC95A1253F250D8926A5B /* include_juce_core.mm */ = {isa = PBXFileReference; lastKnownFileType = sourcecode.cpp.objcpp; name = include_juce_core.mm; path = ../../JuceLibraryCode/include_juce_core.mm; sourceTree = SOURCE_ROOT; };
		686D9508AB29F652D5C9932D /* BinaryData.h */ = {isa = PBXFileReference; lastKnownFileType = sourcecode.c.h; name = BinaryData.h; path = ../../JuceLibraryCode/BinaryData.h; sourceTree = SOURCE_ROOT; };
		6A18C977BC4C604CECA4E654 /* OSC.cpp */ = {isa = PBXFileReference; lastKnownFileType = sourcecode.cpp.cpp; name = OSC.cpp; path = ../../Source/DataStreaming/OSC.cpp; sourceTree = SOURCE_ROOT; };
		6A2F9BBCFDC750D4E34238B9 /* Application.cpp */ = {isa = PBXFileReference; lastKnownFileType = sourcecode.cpp.cpp; name = Application.cpp; path = ../../Source/Application.cpp; sourceTree = SOURCE_ROOT; };
		707A536740FC77FBF0E02675 /* Mav.h */ = {isa = PBXFileReference; lastKnownFileType = sourcecode.c.h; name = Mav.h; path = ../../Source/Features/Mav.h; sourceTree = SOURCE_ROOT; };
		7595B7173D43076A21529378 /* SettingsWindow.cpp */ = {isa = PBXFileReference; lastKnownFileType = sourcecode.cpp.cpp; name = SettingsWindow.cpp; path = ../../Source/Windows/SettingsWindow.cpp; sourceTree = SOURCE_ROOT; };
		77FCFB967B0413872AB7D756 /* include_juce_osc.cpp */ = {isa = PBXFileReference; lastKnownFileType = sourcecode.cpp.cpp; name = include_juce_osc.cpp; path = ../../JuceLibraryCode/include_juce_osc.cpp; sourceTree = SOURCE_ROOT; };
		7F7535CCD13DBE78F9C9DE3E /* Orientation.cpp */ = {isa = PBXFileReference; lastKnownFileType = sourcecode.cpp.cpp; name = Orientation.cpp; path = ../../Source/Orientation.cpp; sourceTree = SOURCE_ROOT; };
		81E3D666419D27DCD491AE61 /* OscValueTreeItem.cpp */ = {isa = PBXFileReference; lastKnownFileType = sourcecode.cpp.cpp; name = OscValueTreeItem.cpp; path = ../../Source/Utility/OscValueTreeItem.cpp; sourceTree = SOURCE_ROOT; };
		82F5BBD408198762B1176F1E /* MyoData.h */ = {isa = PBXFileReference; lastKnownFileType = sourcecode.c.h; name = MyoData.h; path = ../../Source/Myo/MyoData.h; sourceTree = SOURCE_ROOT; };
		86058595EC99339B544DD3C6 /* Rescale.h */ = {isa = PBXFileReference; lastKnownFileType = sourcecode.c.h; name = Rescale.h; path = ../../Source/Windows/Rescale.h; sourceTree = SOURCE_ROOT; };
		88B6BF8CE4F9098F8B3125DA /* AboutWindowContent.cpp */ = {isa = PBXFileReference; lastKnownFileType = sourcecode.cpp.cpp; name = AboutWindowContent.cpp; path = ../../Source/Windows/AboutWindowContent.cpp; sourceTree = SOURCE_ROOT; };
		9395100959E99B42FD9C5DBF /* juce_gui_extra */ = {isa = PBXFileReference; lastKnownFileType = folder; name = juce_gui_extra; path = ../../JuceLibraryCode/modules/juce_gui_extra; sourceTree = SOURCE_ROOT; };
		9CF983E994DF7458605EFD49 /* VisualsWindow.h */ = {isa = PBXFileReference; lastKnownFileType = sourcecode.c.h; name = VisualsWindow.h; path = ../../Source/Windows/VisualsWindow.h; sourceTree = SOURCE_ROOT; };
		9FD037211A8024A1D92E9BFD /* Info-App.plist */ = {isa = PBXFileReference; lastKnownFileType = text.plist.xml; path = "Info-App.plist"; sourceTree = SOURCE_ROOT; };
		A11762FBBFEE3B6B446B8A99 /* OscValueTreeItem.h */ = {isa = PBXFileReference; lastKnownFileType = sourcecode.c.h; name = OscValueTreeItem.h; path = ../../Source/Utility/OscValueTreeItem.h; sourceTree = SOURCE_ROOT; };
		A6961D66C3C9A60E52FE8322 /* OpenGL.framework */ = {isa = PBXFileReference; lastKnownFileType = wrapper.framework; name = OpenGL.framework; path = System/Library/Frameworks/OpenGL.framework; sourceTree = SDKROOT; };
		A6B4AF3B2C67F4A54D912DAA /* juce_graphics */ = {isa = PBXFileReference; lastKnownFileType = folder; name = juce_graphics; path = ../../JuceLibraryCode/modules/juce_graphics; sourceTree = SOURCE_ROOT; };
		A6E415AB6CA42169996127C4 /* Pose.h */ = {isa = PBXFileReference; lastKnownFileType = sourcecode.c.h; name = Pose.h; path = ../../Source/Pose.h; sourceTree = SOURCE_ROOT; };
		A97B1A54153906C894F71CF2 /* WindowDrawer.cpp */ = {isa = PBXFileReference; lastKnownFileType = sourcecode.cpp.cpp; name = WindowDrawer.cpp; path = ../../Source/Windows/WindowDrawer.cpp; sourceTree = SOURCE_ROOT; };
		AAC622D91CDBA8EEEB4EF571 /* MinMax.cpp */ = {isa = PBXFileReference; lastKnownFileType = sourcecode.cpp.cpp; name = MinMax.cpp; path = ../../Source/Features/MinMax.cpp; sourceTree = SOURCE_ROOT; };
		B45BCCAF5D0552B62F8ADC0C /* WebKit.framework */ = {isa = PBXFileReference; lastKnownFileType = wrapper.framework; name = WebKit.framework; path = System/Library/Frameworks/WebKit.framework; sourceTree = SDKROOT; };
		B554FC049EC7392498FD7110 /* MyoListener.h */ = {isa = PBXFileReference; lastKnownFileType = sourcecode.c.h; name = MyoListener.h; path = ../../Source/Myo/MyoListener.h; sourceTree = SOURCE_ROOT; };
		B911AB88CF178CDC2CF9D205 /* Orientation.h */ = {isa = PBXFileReference; lastKnownFileType = sourcecode.c.h; name = Orientation.h; path = ../../Source/Orientation.h; sourceTree = SOURCE_ROOT; };
		C031E0E674733895BFB4595C /* ZeroCrossingRate.cpp */ = {isa = PBXFileReference; lastKnownFileType = sourcecode.cpp.cpp; name = ZeroCrossingRate.cpp; path = ../../Source/Features/ZeroCrossingRate.cpp; sourceTree = SOURCE_ROOT; };
		C18CFCFFAE8241D1D539735E /* Main.cpp */ = {isa = PBXFileReference; lastKnownFileType = sourcecode.cpp.cpp; name = Main.cpp; path = ../../Source/Main.cpp; sourceTree = SOURCE_ROOT; };
		C403E2D7C8EE321505A51759 /* DataSelectorWindow.h */ = {isa = PBXFileReference; lastKnownFileType = sourcecode.c.h; name = DataSelectorWindow.h; path = ../../Source/Windows/DataSelectorWindow.h; sourceTree = SOURCE_ROOT; };
		C4CC130375FB18D502CFB639 /* IOKit.framework */ = {isa = PBXFileReference; lastKnownFileType = wrapper.framework; name = IOKit.framework; path = System/Library/Frameworks/IOKit.framework; sourceTree = SDKROOT; };
		C5F124CD026F1046BA83D694 /* include_juce_graphics.mm */ = {isa = PBXFileReference; lastKnownFileType = sourcecode.cpp.objcpp; name = include_juce_graphics.mm; path = ../../JuceLibraryCode/include_juce_graphics.mm; sourceTree = SOURCE_ROOT; };
		C8E38ABB9DD3937BD153C21E /* OrScaling.h */ = {isa = PBXFileReference; lastKnownFileType = sourcecode.c.h; name = OrScaling.h; path = ../../Source/Features/OrScaling.h; sourceTree = SOURCE_ROOT; };
		CA4E3BF584165D6462616730 /* FirstOrderDifference.h */ = {isa = PBXFileReference; lastKnownFileType = sourcecode.c.h; name = FirstOrderDifference.h; path = ../../Source/Features/FirstOrderDifference.h; sourceTree = SOURCE_ROOT; };
		CC0B5DE7A0E08D937315DCEA /* HelpWindow.h */ = {isa = PBXFileReference; lastKnownFileType = sourcecode.c.h; name = HelpWindow.h; path = ../../Source/Windows/HelpWindow.h; sourceTree = SOURCE_ROOT; };
		CD01407694E00DA3913535CA /* WindowList.cpp */ = {isa = PBXFileReference; lastKnownFileType = sourcecode.cpp.cpp; name = WindowList.cpp; path = ../../Source/Windows/WindowList.cpp; sourceTree = SOURCE_ROOT; };
		CE778A557F12EDA5F5B029EC /* juce_opengl */ = {isa = PBXFileReference; lastKnownFileType = folder; name = juce_opengl; path = ../../JuceLibraryCode/modules/juce_opengl; sourceTree = SOURCE_ROOT; };
		D0E27C8574274A61319FA848 /* Pose.cpp */ = {isa = PBXFileReference; lastKnownFileType = sourcecode.cpp.cpp; name = Pose.cpp; path = ../../Source/Pose.cpp; sourceTree = SOURCE_ROOT; };
		D3087C81BF598152A8837CC1 /* juce_events */ = {isa = PBXFileReference; lastKnownFileType = folder; name = juce_events; path = ../../JuceLibraryCode/modules/juce_events; sourceTree = SOURCE_ROOT; };
		D8EBF47BE4C08E852CED67D8 /* MyoMapperLookAndFeel.h */ = {isa = PBXFileReference; lastKnownFileType = sourcecode.c.h; name = MyoMapperLookAndFeel.h; path = ../../Source/Utility/MyoMapperLookAndFeel.h; sourceTree = SOURCE_ROOT; };
		DE102F758DCB3B1D68325455 /* DataSelectorWindow.cpp */ = {isa = PBXFileReference; lastKnownFileType = sourcecode.cpp.cpp; name = DataSelectorWindow.cpp; path = ../../Source/Windows/DataSelectorWindow.cpp; sourceTree = SOURCE_ROOT; };
		DF21A92FA40535D46646DA93 /* include_juce_gui_basics.mm */ = {isa = PBXFileReference; lastKnownFileType = sourcecode.cpp.objcpp; name = include_juce_gui_basics.mm; path = ../../JuceLibraryCode/include_juce_gui_basics.mm; sourceTree = SOURCE_ROOT; };
		E0AB9915042165AE1B5BF1D7 /* OSC.h */ = {isa = PBXFileReference; lastKnownFileType = sourcecode.c.h; name = OSC.h; path = ../../Source/DataStreaming/OSC.h; sourceTree = SOURCE_ROOT; };
		E63FB5683F3DD5CB2F45DCF6 /* BinaryData.cpp */ = {isa = PBXFileReference; lastKnownFileType = sourcecode.cpp.cpp; name = BinaryData.cpp; path = ../../JuceLibraryCode/BinaryData.cpp; sourceTree = SOURCE_ROOT; };
		E6F275D7F89A185CFDDF16FB /* VisualsWindow.cpp */ = {isa = PBXFileReference; lastKnownFileType = sourcecode.cpp.cpp; name = VisualsWindow.cpp; path = ../../Source/Windows/VisualsWindow.cpp; sourceTree = SOURCE_ROOT; };
		E7A6A33A6C8C870EC9E9209F /* Roboto-Medium.ttf */ = {isa = PBXFileReference; lastKnownFileType = file.ttf; name = "Roboto-Medium.ttf"; path = "../../Source/Utility/Roboto-Medium.ttf"; sourceTree = SOURCE_ROOT; };
		EEF39C81C7C79A4A39C8C86A /* QuartzCore.framework */ = {isa = PBXFileReference; lastKnownFileType = wrapper.framework; name = QuartzCore.framework; path = System/Library/Frameworks/QuartzCore.framework; sourceTree = SDKROOT; };
		F89CEB00FDE42784CBA9F564 /* include_juce_gui_extra.mm */ = {isa = PBXFileReference; lastKnownFileType = sourcecode.cpp.objcpp; name = include_juce_gui_extra.mm; path = ../../JuceLibraryCode/include_juce_gui_extra.mm; sourceTree = SOURCE_ROOT; };
		F951D3007C73C1F155B9A1FA /* Roboto-Thin.ttf */ = {isa = PBXFileReference; lastKnownFileType = file.ttf; name = "Roboto-Thin.ttf"; path = "../../Source/Utility/Roboto-Thin.ttf"; sourceTree = SOURCE_ROOT; };
		FED6FE0925206A5195E57B4C /* WindowList.h */ = {isa = PBXFileReference; lastKnownFileType = sourcecode.c.h; name = WindowList.h; path = ../../Source/Windows/WindowList.h; sourceTree = SOURCE_ROOT; };
		FF9393060B01ADCFAC6F86A4 /* SettingsWindow.h */ = {isa = PBXFileReference; lastKnownFileType = sourcecode.c.h; name = SettingsWindow.h; path = ../../Source/Windows/SettingsWindow.h; sourceTree = SOURCE_ROOT; };
/* End PBXFileReference section */

/* Begin PBXFrameworksBuildPhase section */
		EDA380A82341BC06E239D3AD /* Frameworks */ = {
			isa = PBXFrameworksBuildPhase;
			buildActionMask = 2147483647;
			files = (
				D6B1435E336D3D5A66FCF16B /* Carbon.framework in Frameworks */,
				EA6B6B9A2254D93F7BE9742B /* Cocoa.framework in Frameworks */,
				C116BA0C6679EE33707BA158 /* IOKit.framework in Frameworks */,
				00C21076546BD3C41BE3490C /* OpenGL.framework in Frameworks */,
				808C19E032283899C075FEFF /* QuartzCore.framework in Frameworks */,
				32E490741FD85F7700B1312C /* myo.framework in Frameworks */,
				32E490751FD85F7A00B1312C /* myo.framework in Frameworks */,
				6507943995181A90AF2AB700 /* WebKit.framework in Frameworks */,
			);
			runOnlyForDeploymentPostprocessing = 0;
		};
/* End PBXFrameworksBuildPhase section */

/* Begin PBXGroup section */
		13A68A86F95408248A320199 /* Source */ = {
			isa = PBXGroup;
			children = (
				41441FC2D162F780FA517D7C /* MyoMapper */,
				964B5E97FBE24E0EA7E7E51A /* Juce Modules */,
				EF9DA02E16751E3438391768 /* Juce Library Code */,
				76EDF0D8D553D2782B5CF7AF /* Resources */,
				A8B8923DE26E7730A43A9AFD /* Frameworks */,
				6CB52BB1DAFCE9A5FADD6C4D /* Products */,
			);
			name = Source;
			sourceTree = "<group>";
		};
		20D383E2F058B24531C5590B /* Source */ = {
			isa = PBXGroup;
			children = (
				21E273B66130B3FA0E690F04 /* Features */,
				7A525417D7CFDD15E2BA1099 /* Myo */,
				637A23D6B755500E5CF86F0C /* Resources */,
				57A6E35A6EF95E1A80E3CC04 /* UI */,
				74404BA4E1587BCF7FD4C214 /* Windows */,
				DFD9C4F27C72D2DD0438A829 /* DataStreaming */,
				C18CFCFFAE8241D1D539735E /* Main.cpp */,
				0D2CC5504AA1B63D2778969E /* CommandIDs.h */,
				6A2F9BBCFDC750D4E34238B9 /* Application.cpp */,
				30C2807D73F026BDA4DBC97C /* Application.h */,
			);
			name = Source;
			sourceTree = "<group>";
		};
		21E273B66130B3FA0E690F04 /* Features */ = {
			isa = PBXGroup;
			children = (
				325B30514F5198958D9DA487 /* FirstOrderDifference.cpp */,
				CA4E3BF584165D6462616730 /* FirstOrderDifference.h */,
				0FBD7B57E2B7CBA61532A05F /* Mav.cpp */,
				707A536740FC77FBF0E02675 /* Mav.h */,
				AAC622D91CDBA8EEEB4EF571 /* MinMax.cpp */,
				6046D64B75047143F4EC4D7A /* MinMax.h */,
				09054499FC47F9722A05AF21 /* MovingAverage.cpp */,
				16A43C6E21D3684EB662A951 /* MovingAverage.h */,
				5AFFD83C8D06526E5736CF69 /* OrScaling.cpp */,
				C8E38ABB9DD3937BD153C21E /* OrScaling.h */,
				08E2AF547C64DF07847A2A99 /* ScaleValues.cpp */,
				14BF9153852D91E8E9AABD5C /* ScaleValues.h */,
				20E9C88336BF4382FBE1C1E5 /* SecondOrderDifference.cpp */,
				549F61BBD2FFA4229E4D6391 /* SecondOrderDifference.h */,
				C031E0E674733895BFB4595C /* ZeroCrossingRate.cpp */,
				382FA0B1212BB77E747D28E1 /* ZeroCrossingRate.h */,
			);
			name = Features;
			sourceTree = "<group>";
		};
		41441FC2D162F780FA517D7C /* MyoMapper */ = {
			isa = PBXGroup;
			children = (
				20D383E2F058B24531C5590B /* Source */,
			);
			name = MyoMapper;
			sourceTree = "<group>";
		};
		57A6E35A6EF95E1A80E3CC04 /* UI */ = {
			isa = PBXGroup;
			children = (
				03B28010F0EBF201F665C52E /* MyoMapperLookAndFeel.cpp */,
				D8EBF47BE4C08E852CED67D8 /* MyoMapperLookAndFeel.h */,
				81E3D666419D27DCD491AE61 /* OscValueTreeItem.cpp */,
				A11762FBBFEE3B6B446B8A99 /* OscValueTreeItem.h */,
			);
			name = UI;
			sourceTree = "<group>";
		};
		637A23D6B755500E5CF86F0C /* Resources */ = {
			isa = PBXGroup;
			children = (
				153F3F7A0B33D6620424FABD /* icon.png */,
				E7A6A33A6C8C870EC9E9209F /* Roboto-Medium.ttf */,
				F951D3007C73C1F155B9A1FA /* Roboto-Thin.ttf */,
			);
			name = Resources;
			sourceTree = "<group>";
		};
		6CB52BB1DAFCE9A5FADD6C4D /* Products */ = {
			isa = PBXGroup;
			children = (
				40A7AEE27559C18635A92AB9 /* Myo Mapper.app */,
			);
			name = Products;
			sourceTree = "<group>";
		};
		74404BA4E1587BCF7FD4C214 /* Windows */ = {
			isa = PBXGroup;
			children = (
				F3FF22ECBB1789920DD30854 /* Panels */,
				CD01407694E00DA3913535CA /* WindowList.cpp */,
				FED6FE0925206A5195E57B4C /* WindowList.h */,
				A97B1A54153906C894F71CF2 /* WindowDrawer.cpp */,
				487D0088730877127872361C /* WindowDrawer.h */,
				7595B7173D43076A21529378 /* SettingsWindow.cpp */,
				FF9393060B01ADCFAC6F86A4 /* SettingsWindow.h */,
				E6F275D7F89A185CFDDF16FB /* VisualsWindow.cpp */,
				9CF983E994DF7458605EFD49 /* VisualsWindow.h */,
				DE102F758DCB3B1D68325455 /* DataSelectorWindow.cpp */,
				C403E2D7C8EE321505A51759 /* DataSelectorWindow.h */,
				88B6BF8CE4F9098F8B3125DA /* AboutWindowContent.cpp */,
				47701966C3BE957BC8BAD719 /* AboutWindowContent.h */,
				4C7527C34389EF6A479A58A3 /* HelpWindow.cpp */,
				CC0B5DE7A0E08D937315DCEA /* HelpWindow.h */,
				23A55183070DC0A7651642F9 /* Rescale.cpp */,
				86058595EC99339B544DD3C6 /* Rescale.h */,
			);
			name = Windows;
			sourceTree = "<group>";
		};
		76EDF0D8D553D2782B5CF7AF /* Resources */ = {
			isa = PBXGroup;
			children = (
				9FD037211A8024A1D92E9BFD /* Info-App.plist */,
				362301F4D9F3494F257A83B1 /* RecentFilesMenuTemplate.nib */,
				1EF058894013FE550E2D5F0F /* Icon.icns */,
			);
			name = Resources;
			sourceTree = "<group>";
		};
		7A525417D7CFDD15E2BA1099 /* Myo */ = {
			isa = PBXGroup;
			children = (
				82F5BBD408198762B1176F1E /* MyoData.h */,
				3F7EFCC1DF1732FF95075D6F /* MyoListener.cpp */,
				B554FC049EC7392498FD7110 /* MyoListener.h */,
				617E16C7B231A93A6174CADC /* MyoManager.cpp */,
				0D364FAE3E5118612FBAA60E /* MyoManager.h */,
			);
			name = Myo;
			sourceTree = "<group>";
		};
		964B5E97FBE24E0EA7E7E51A /* Juce Modules */ = {
			isa = PBXGroup;
			children = (
				08485E088A12E8E1CADAECF2 /* juce_core */,
				11B5BA1CB7C84A3931343855 /* juce_data_structures */,
				D3087C81BF598152A8837CC1 /* juce_events */,
				A6B4AF3B2C67F4A54D912DAA /* juce_graphics */,
				4A162766AC04264BB7B88223 /* juce_gui_basics */,
				9395100959E99B42FD9C5DBF /* juce_gui_extra */,
				CE778A557F12EDA5F5B029EC /* juce_opengl */,
				2B2F9DF77312BF8D3359ABF6 /* juce_osc */,
			);
			name = "Juce Modules";
			sourceTree = "<group>";
		};
		A8B8923DE26E7730A43A9AFD /* Frameworks */ = {
			isa = PBXGroup;
			children = (
				32E490731FD85F7700B1312C /* myo.framework */,
				175332EA85B1F4026F148E47 /* Carbon.framework */,
				64200BD72BE5B8158B73877B /* Cocoa.framework */,
				C4CC130375FB18D502CFB639 /* IOKit.framework */,
				A6961D66C3C9A60E52FE8322 /* OpenGL.framework */,
				EEF39C81C7C79A4A39C8C86A /* QuartzCore.framework */,
				B45BCCAF5D0552B62F8ADC0C /* WebKit.framework */,
			);
			name = Frameworks;
			sourceTree = "<group>";
		};
		DFD9C4F27C72D2DD0438A829 /* DataStreaming */ = {
			isa = PBXGroup;
			children = (
				6A18C977BC4C604CECA4E654 /* OSC.cpp */,
				E0AB9915042165AE1B5BF1D7 /* OSC.h */,
			);
			name = DataStreaming;
			sourceTree = "<group>";
		};
		EF9DA02E16751E3438391768 /* Juce Library Code */ = {
			isa = PBXGroup;
			children = (
				0BF7F949C1A5C51D862B8913 /* AppConfig.h */,
				E63FB5683F3DD5CB2F45DCF6 /* BinaryData.cpp */,
				686D9508AB29F652D5C9932D /* BinaryData.h */,
				663FC95A1253F250D8926A5B /* include_juce_core.mm */,
				079B3A191BE4DC5CE6755D14 /* include_juce_data_structures.mm */,
				4F2BA0E35D03A7EE8482CB44 /* include_juce_events.mm */,
				C5F124CD026F1046BA83D694 /* include_juce_graphics.mm */,
				DF21A92FA40535D46646DA93 /* include_juce_gui_basics.mm */,
				F89CEB00FDE42784CBA9F564 /* include_juce_gui_extra.mm */,
				374F0149F402FB7BA8DE3AAB /* include_juce_opengl.mm */,
				77FCFB967B0413872AB7D756 /* include_juce_osc.cpp */,
				34549BDEAEF79A8B5E01A4D5 /* JuceHeader.h */,
			);
			name = "Juce Library Code";
			sourceTree = "<group>";
		};
		F3FF22ECBB1789920DD30854 /* Panels */ = {
			isa = PBXGroup;
			children = (
				7F7535CCD13DBE78F9C9DE3E /* Orientation.cpp */,
				B911AB88CF178CDC2CF9D205 /* Orientation.h */,
				D0E27C8574274A61319FA848 /* Pose.cpp */,
				A6E415AB6CA42169996127C4 /* Pose.h */,
			);
			name = Panels;
			sourceTree = "<group>";
		};
/* End PBXGroup section */

/* Begin PBXNativeTarget section */
		16D9E24D9D1B08C0B67EDE4A /* MyoMapper - App */ = {
			isa = PBXNativeTarget;
			buildConfigurationList = 5BBC7D78E6887B770A7B6202 /* Build configuration list for PBXNativeTarget "MyoMapper - App" */;
			buildPhases = (
				81615E2E007322A88C58DB5F /* Resources */,
				04585E7B6D39EA4D1DA7CF92 /* Sources */,
				EDA380A82341BC06E239D3AD /* Frameworks */,
				128EAE48529CD020F3D877A3 /* Post-build script */,
				32E4906A1FD85BBB00B1312C /* Embed Frameworks */,
			);
			buildRules = (
			);
			dependencies = (
			);
			name = "MyoMapper - App";
			productName = MyoMapper;
			productReference = 40A7AEE27559C18635A92AB9 /* Myo Mapper.app */;
			productType = "com.apple.product-type.application";
		};
/* End PBXNativeTarget section */

/* Begin PBXProject section */
		E84B7AADB1429B2923308D8A /* Project object */ = {
			isa = PBXProject;
			attributes = {
				LastUpgradeCheck = 0830;
				TargetAttributes = {
					16D9E24D9D1B08C0B67EDE4A = {
						SystemCapabilities = {
							com.apple.ApplicationGroups.iOS = {
								enabled = 0;
							};
							com.apple.InAppPurchase = {
								enabled = 0;
							};
							com.apple.InterAppAudio = {
								enabled = 0;
							};
							com.apple.Push = {
								enabled = 0;
							};
							com.apple.Sandbox = {
								enabled = 0;
							};
						};
					};
				};
			};
			buildConfigurationList = FC39E801B6BC6CA6EEB24966 /* Build configuration list for PBXProject "MyoMapper" */;
			compatibilityVersion = "Xcode 3.2";
			developmentRegion = en;
			hasScannedForEncodings = 0;
			knownRegions = (
				en,
			);
			mainGroup = 13A68A86F95408248A320199 /* Source */;
			projectDirPath = "";
			projectRoot = "";
			targets = (
				16D9E24D9D1B08C0B67EDE4A /* MyoMapper - App */,
			);
		};
/* End PBXProject section */

/* Begin PBXResourcesBuildPhase section */
		81615E2E007322A88C58DB5F /* Resources */ = {
			isa = PBXResourcesBuildPhase;
			buildActionMask = 2147483647;
			files = (
				8C8F9A92519A4EA918581B03 /* RecentFilesMenuTemplate.nib in Resources */,
				0454F6D3CE70B576DE2467CF /* Icon.icns in Resources */,
			);
			runOnlyForDeploymentPostprocessing = 0;
		};
/* End PBXResourcesBuildPhase section */

/* Begin PBXShellScriptBuildPhase section */
		128EAE48529CD020F3D877A3 /* Post-build script */ = {
			isa = PBXShellScriptBuildPhase;
			buildActionMask = 2147483647;
			files = (
			);
			name = "Post-build script";
			runOnlyForDeploymentPostprocessing = 0;
			shellPath = /bin/sh;
			shellScript = "dst=${CONFIGURATION_BUILD_DIR}/${CONTENTS_FOLDER_PATH}/Frameworks\nmkdir -p \"${dst}\"";
		};
/* End PBXShellScriptBuildPhase section */

/* Begin PBXSourcesBuildPhase section */
		04585E7B6D39EA4D1DA7CF92 /* Sources */ = {
			isa = PBXSourcesBuildPhase;
			buildActionMask = 2147483647;
			files = (
				6A9BE3ECAC10B96143BD3458 /* FirstOrderDifference.cpp in Sources */,
				470E1D58127B8552268E162F /* Mav.cpp in Sources */,
				02A71A20CE716BA7C3B2F56A /* MinMax.cpp in Sources */,
				E3062B6C46B26C7AB9125585 /* MovingAverage.cpp in Sources */,
				6AB90C5CE10D08EBB5994026 /* OrScaling.cpp in Sources */,
				2EA91483B878C0FF5DD75119 /* ScaleValues.cpp in Sources */,
				0E51070E819AB7C1167F2F59 /* SecondOrderDifference.cpp in Sources */,
				28095979E46899318F1506F5 /* ZeroCrossingRate.cpp in Sources */,
				F9A2468BA8A175E78F1A8D6D /* MyoListener.cpp in Sources */,
				D6C0628A4ADA8248CD9EA1FF /* MyoManager.cpp in Sources */,
				271E48AB127BA9FEF4A36FD0 /* MyoMapperLookAndFeel.cpp in Sources */,
				AF7A28C91E53F7FEA5581AA9 /* OscValueTreeItem.cpp in Sources */,
				B49A04CF078408C58A352639 /* Orientation.cpp in Sources */,
				3249BC9D9EFFE689218A472F /* Pose.cpp in Sources */,
				CFC5CD071E61E06A43A9DC8E /* WindowList.cpp in Sources */,
				90A92596A3A25D4FB55D0A4E /* WindowDrawer.cpp in Sources */,
				1D02B17B52BBAF2FEFC66770 /* SettingsWindow.cpp in Sources */,
				5D59FCC8E5C745F862AB4C86 /* VisualsWindow.cpp in Sources */,
				8C02A0645CE80863A04A7A06 /* DataSelectorWindow.cpp in Sources */,
				07E12BE17CFB926C86D27FCF /* AboutWindowContent.cpp in Sources */,
				A23BEDD1ABEEB232B5374068 /* HelpWindow.cpp in Sources */,
				81ECB3913FA09B4055E5AF4A /* Rescale.cpp in Sources */,
				CF8B0D6C385EB3BCF8317249 /* OSC.cpp in Sources */,
				99CAD7971DB8C87B79AB2B0C /* Main.cpp in Sources */,
				2DDF3D6B66671A4C35A871DA /* Application.cpp in Sources */,
				E0E2975352C263B3304FB06D /* BinaryData.cpp in Sources */,
				533A7BF0697FD9559F3531CB /* include_juce_core.mm in Sources */,
				213B84422D5E296F87A9953D /* include_juce_data_structures.mm in Sources */,
				191126CDFE05B4DD77814475 /* include_juce_events.mm in Sources */,
				395070209AB1F4B1098D5BB5 /* include_juce_graphics.mm in Sources */,
				94D856A6F72CA3C27DB817E7 /* include_juce_gui_basics.mm in Sources */,
				06939BB9EBCAC3CF41C7F641 /* include_juce_gui_extra.mm in Sources */,
				03698EE2E5FF48CDE29AEC46 /* include_juce_opengl.mm in Sources */,
				3241BB551AF7B80A02389059 /* include_juce_osc.cpp in Sources */,
			);
			runOnlyForDeploymentPostprocessing = 0;
		};
/* End PBXSourcesBuildPhase section */

/* Begin XCBuildConfiguration section */
		5A50E6D4925BA92672A586A1 /* Debug */ = {
			isa = XCBuildConfiguration;
			buildSettings = {
				CLANG_CXX_LANGUAGE_STANDARD = "c++11";
				CLANG_LINK_OBJC_RUNTIME = NO;
				COMBINE_HIDPI_IMAGES = YES;
				CONFIGURATION_BUILD_DIR = "$(PROJECT_DIR)/build/$(CONFIGURATION)";
				COPY_PHASE_STRIP = NO;
				FRAMEWORK_SEARCH_PATHS = (
					/Library/Frameworks/,
					"$(LOCAL_LIBRARY_DIR)/Frameworks",
					"$(PROJECT_DIR)",
				);
				GCC_DYNAMIC_NO_PIC = NO;
				GCC_OPTIMIZATION_LEVEL = 0;
				GCC_PREPROCESSOR_DEFINITIONS = (
					"_DEBUG=1",
					"DEBUG=1",
					"JUCER_XCODE_MAC_F6D2F4CF=1",
					"JUCE_APP_VERSION=3.0.2",
					"JUCE_APP_VERSION_HEX=0x30002",
					"JucePlugin_Build_VST=0",
					"JucePlugin_Build_VST3=0",
					"JucePlugin_Build_AU=0",
					"JucePlugin_Build_AUv3=0",
					"JucePlugin_Build_RTAS=0",
					"JucePlugin_Build_AAX=0",
					"JucePlugin_Build_Standalone=0",
				);
				GCC_VERSION = com.apple.compilers.llvm.clang.1_0;
				HEADER_SEARCH_PATHS = (
					../../JuceLibraryCode,
					../../JuceLibraryCode/modules,
					"$(inherited)",
				);
				INFOPLIST_FILE = "Info-App.plist";
				INFOPLIST_PREPROCESS = NO;
				INSTALL_PATH = "$(HOME)/Applications";
				LD_RUNPATH_SEARCH_PATHS = "@loader_path/../Frameworks @executable_path/../Frameworks";
				MACOSX_DEPLOYMENT_TARGET = 10.9;
				MACOSX_DEPLOYMENT_TARGET_ppc = 10.4;
				PRODUCT_BUNDLE_IDENTIFIER = com.balandinodidonato.MyoMapper;
				SDKROOT_ppc = macosx10.5;
				USE_HEADERMAP = NO;
			};
			name = Debug;
		};
		5B33BA99A75EF767051F086A /* Release */ = {
			isa = XCBuildConfiguration;
			buildSettings = {
				CLANG_CXX_LANGUAGE_STANDARD = "c++11";
				CLANG_LINK_OBJC_RUNTIME = NO;
				COMBINE_HIDPI_IMAGES = YES;
				CONFIGURATION_BUILD_DIR = "$(PROJECT_DIR)/build/$(CONFIGURATION)";
				DEAD_CODE_STRIPPING = YES;
				FRAMEWORK_SEARCH_PATHS = (
					/Library/Frameworks/,
					"$(LOCAL_LIBRARY_DIR)/Frameworks",
					"$(PROJECT_DIR)",
				);
				GCC_GENERATE_DEBUGGING_SYMBOLS = NO;
				GCC_OPTIMIZATION_LEVEL = 3;
				GCC_PREPROCESSOR_DEFINITIONS = (
					"_NDEBUG=1",
					"NDEBUG=1",
					"JUCER_XCODE_MAC_F6D2F4CF=1",
					"JUCE_APP_VERSION=3.0.2",
					"JUCE_APP_VERSION_HEX=0x30002",
					"JucePlugin_Build_VST=0",
					"JucePlugin_Build_VST3=0",
					"JucePlugin_Build_AU=0",
					"JucePlugin_Build_AUv3=0",
					"JucePlugin_Build_RTAS=0",
					"JucePlugin_Build_AAX=0",
					"JucePlugin_Build_Standalone=0",
				);
				GCC_SYMBOLS_PRIVATE_EXTERN = YES;
				GCC_VERSION = com.apple.compilers.llvm.clang.1_0;
				HEADER_SEARCH_PATHS = (
					../../JuceLibraryCode,
					../../JuceLibraryCode/modules,
					"$(inherited)",
				);
				INFOPLIST_FILE = "Info-App.plist";
				INFOPLIST_PREPROCESS = NO;
				INSTALL_PATH = "$(HOME)/Applications";
				LD_RUNPATH_SEARCH_PATHS = "$(inherited) @executable_path/../Frameworks";
				MACOSX_DEPLOYMENT_TARGET = 10.9;
				MACOSX_DEPLOYMENT_TARGET_ppc = 10.4;
				PRODUCT_BUNDLE_IDENTIFIER = com.balandinodidonato.MyoMapper;
				SDKROOT_ppc = macosx10.5;
				USE_HEADERMAP = NO;
			};
			name = Release;
		};
		71E743E082988A2B1D8725EF /* Release */ = {
			isa = XCBuildConfiguration;
			buildSettings = {
				ALWAYS_SEARCH_USER_PATHS = NO;
				CLANG_WARN_BLOCK_CAPTURE_AUTORELEASING = YES;
				CLANG_WARN_BOOL_CONVERSION = YES;
				CLANG_WARN_COMMA = YES;
				CLANG_WARN_CONSTANT_CONVERSION = YES;
				CLANG_WARN_EMPTY_BODY = YES;
				CLANG_WARN_ENUM_CONVERSION = YES;
				CLANG_WARN_INFINITE_RECURSION = YES;
				CLANG_WARN_INT_CONVERSION = YES;
				CLANG_WARN_NON_LITERAL_NULL_CONVERSION = YES;
				CLANG_WARN_OBJC_LITERAL_CONVERSION = YES;
				CLANG_WARN_RANGE_LOOP_ANALYSIS = YES;
				CLANG_WARN_STRICT_PROTOTYPES = YES;
				CLANG_WARN_SUSPICIOUS_MOVE = YES;
				CLANG_WARN_UNREACHABLE_CODE = YES;
				CLANG_WARN__DUPLICATE_METHOD_MATCH = YES;
				DEBUG_INFORMATION_FORMAT = dwarf;
				ENABLE_STRICT_OBJC_MSGSEND = YES;
				GCC_C_LANGUAGE_STANDARD = c11;
				GCC_INLINES_ARE_PRIVATE_EXTERN = YES;
				GCC_MODEL_TUNING = G5;
				GCC_NO_COMMON_BLOCKS = YES;
				GCC_WARN_64_TO_32_BIT_CONVERSION = YES;
				GCC_WARN_ABOUT_RETURN_TYPE = YES;
				GCC_WARN_CHECK_SWITCH_STATEMENTS = YES;
				GCC_WARN_MISSING_PARENTHESES = YES;
				GCC_WARN_NON_VIRTUAL_DESTRUCTOR = YES;
				GCC_WARN_TYPECHECK_CALLS_TO_PRINTF = YES;
				GCC_WARN_UNDECLARED_SELECTOR = YES;
				GCC_WARN_UNINITIALIZED_AUTOS = YES;
				GCC_WARN_UNUSED_FUNCTION = YES;
				GCC_WARN_UNUSED_VARIABLE = YES;
				PRODUCT_NAME = "Myo Mapper";
				WARNING_CFLAGS = "-Wreorder";
				ZERO_LINK = NO;
			};
			name = Release;
		};
		FFA6A70C84C0AD2E49A51E62 /* Debug */ = {
			isa = XCBuildConfiguration;
			buildSettings = {
				ALWAYS_SEARCH_USER_PATHS = NO;
				CLANG_WARN_BLOCK_CAPTURE_AUTORELEASING = YES;
				CLANG_WARN_BOOL_CONVERSION = YES;
				CLANG_WARN_COMMA = YES;
				CLANG_WARN_CONSTANT_CONVERSION = YES;
				CLANG_WARN_EMPTY_BODY = YES;
				CLANG_WARN_ENUM_CONVERSION = YES;
				CLANG_WARN_INFINITE_RECURSION = YES;
				CLANG_WARN_INT_CONVERSION = YES;
				CLANG_WARN_NON_LITERAL_NULL_CONVERSION = YES;
				CLANG_WARN_OBJC_LITERAL_CONVERSION = YES;
				CLANG_WARN_RANGE_LOOP_ANALYSIS = YES;
				CLANG_WARN_STRICT_PROTOTYPES = YES;
				CLANG_WARN_SUSPICIOUS_MOVE = YES;
				CLANG_WARN_UNREACHABLE_CODE = YES;
				CLANG_WARN__DUPLICATE_METHOD_MATCH = YES;
				DEBUG_INFORMATION_FORMAT = dwarf;
				ENABLE_STRICT_OBJC_MSGSEND = YES;
				ENABLE_TESTABILITY = YES;
				GCC_C_LANGUAGE_STANDARD = c11;
				GCC_INLINES_ARE_PRIVATE_EXTERN = YES;
				GCC_MODEL_TUNING = G5;
				GCC_NO_COMMON_BLOCKS = YES;
				GCC_WARN_64_TO_32_BIT_CONVERSION = YES;
				GCC_WARN_ABOUT_RETURN_TYPE = YES;
				GCC_WARN_CHECK_SWITCH_STATEMENTS = YES;
				GCC_WARN_MISSING_PARENTHESES = YES;
				GCC_WARN_NON_VIRTUAL_DESTRUCTOR = YES;
				GCC_WARN_TYPECHECK_CALLS_TO_PRINTF = YES;
				GCC_WARN_UNDECLARED_SELECTOR = YES;
				GCC_WARN_UNINITIALIZED_AUTOS = YES;
				GCC_WARN_UNUSED_FUNCTION = YES;
				GCC_WARN_UNUSED_VARIABLE = YES;
				ONLY_ACTIVE_ARCH = YES;
				PRODUCT_NAME = "Myo Mapper";
				WARNING_CFLAGS = "-Wreorder";
				ZERO_LINK = NO;
			};
			name = Debug;
		};
/* End XCBuildConfiguration section */

/* Begin XCConfigurationList section */
		5BBC7D78E6887B770A7B6202 /* Build configuration list for PBXNativeTarget "MyoMapper - App" */ = {
			isa = XCConfigurationList;
			buildConfigurations = (
				5A50E6D4925BA92672A586A1 /* Debug */,
				5B33BA99A75EF767051F086A /* Release */,
			);
			defaultConfigurationIsVisible = 0;
			defaultConfigurationName = Debug;
		};
		FC39E801B6BC6CA6EEB24966 /* Build configuration list for PBXProject "MyoMapper" */ = {
			isa = XCConfigurationList;
			buildConfigurations = (
				FFA6A70C84C0AD2E49A51E62 /* Debug */,
				71E743E082988A2B1D8725EF /* Release */,
			);
			defaultConfigurationIsVisible = 0;
			defaultConfigurationName = Debug;
		};
/* End XCConfigurationList section */
	};
	rootObject = E84B7AADB1429B2923308D8A /* Project object */;
}
