// !$*UTF8*$!
{
	archiveVersion = 1;
	classes = {
	};
	objectVersion = 46;
	objects = {

/* Begin PBXBuildFile section */
		00C21076546BD3C41BE3490C /* OpenGL.framework in Frameworks */ = {isa = PBXBuildFile; fileRef = A6961D66C3C9A60E52FE8322 /* OpenGL.framework */; };
		03698EE2E5FF48CDE29AEC46 /* include_juce_opengl.mm in Sources */ = {isa = PBXBuildFile; fileRef = 374F0149F402FB7BA8DE3AAB /* include_juce_opengl.mm */; };
		0454F6D3CE70B576DE2467CF /* Icon.icns in Resources */ = {isa = PBXBuildFile; fileRef = 1EF058894013FE550E2D5F0F /* Icon.icns */; };
		06939BB9EBCAC3CF41C7F641 /* include_juce_gui_extra.mm in Sources */ = {isa = PBXBuildFile; fileRef = F89CEB00FDE42784CBA9F564 /* include_juce_gui_extra.mm */; };
		0B402B3B086B4CC6082C841A /* Rescale.cpp in Sources */ = {isa = PBXBuildFile; fileRef = CF908B80E30257AE8BBF0E95 /* Rescale.cpp */; };
		122E47FA3A41E4FD0E731401 /* AboutWindow.cpp in Sources */ = {isa = PBXBuildFile; fileRef = A7D0871D605D5AA2424CC701 /* AboutWindow.cpp */; };
		191126CDFE05B4DD77814475 /* include_juce_events.mm in Sources */ = {isa = PBXBuildFile; fileRef = 4F2BA0E35D03A7EE8482CB44 /* include_juce_events.mm */; };
		213B84422D5E296F87A9953D /* include_juce_data_structures.mm in Sources */ = {isa = PBXBuildFile; fileRef = 079B3A191BE4DC5CE6755D14 /* include_juce_data_structures.mm */; };
		238D62E99C4B1F9F7F8DC6D5 /* OSC.cpp in Sources */ = {isa = PBXBuildFile; fileRef = 88D50F8C8E8383496FF731E4 /* OSC.cpp */; };
		3241BB551AF7B80A02389059 /* include_juce_osc.cpp in Sources */ = {isa = PBXBuildFile; fileRef = 77FCFB967B0413872AB7D756 /* include_juce_osc.cpp */; };
		3249BC9D9EFFE689218A472F /* Pose.cpp in Sources */ = {isa = PBXBuildFile; fileRef = D0E27C8574274A61319FA848 /* Pose.cpp */; };
		395070209AB1F4B1098D5BB5 /* include_juce_graphics.mm in Sources */ = {isa = PBXBuildFile; fileRef = C5F124CD026F1046BA83D694 /* include_juce_graphics.mm */; };
		406A3622585F79E74E579FA2 /* MyoManager.cpp in Sources */ = {isa = PBXBuildFile; fileRef = 0CCC5FFD5FD927C3D6D22C4B /* MyoManager.cpp */; };
		533A7BF0697FD9559F3531CB /* include_juce_core.mm in Sources */ = {isa = PBXBuildFile; fileRef = 663FC95A1253F250D8926A5B /* include_juce_core.mm */; };
		5352F012067A453DFCBA07D5 /* HelpWindow.cpp in Sources */ = {isa = PBXBuildFile; fileRef = 486A12096CEF9BE7F47C4474 /* HelpWindow.cpp */; };
		63F5EFE81768D71459E09C33 /* Settings.cpp in Sources */ = {isa = PBXBuildFile; fileRef = 73A7FD8AD927E1FD41035B14 /* Settings.cpp */; };
		6507943995181A90AF2AB700 /* WebKit.framework in Frameworks */ = {isa = PBXBuildFile; fileRef = B45BCCAF5D0552B62F8ADC0C /* WebKit.framework */; };
		6569CA647B130FEE16D6052F /* MyoListener.cpp in Sources */ = {isa = PBXBuildFile; fileRef = 19D13FF6E2668F91946131BA /* MyoListener.cpp */; };
		6BC1398793FCC5C37ABBF1CA /* MainComponent.cpp in Sources */ = {isa = PBXBuildFile; fileRef = C32D1B1F4BC16117D5E1572F /* MainComponent.cpp */; };
		808C19E032283899C075FEFF /* QuartzCore.framework in Frameworks */ = {isa = PBXBuildFile; fileRef = EEF39C81C7C79A4A39C8C86A /* QuartzCore.framework */; };
		8C8F9A92519A4EA918581B03 /* RecentFilesMenuTemplate.nib in Resources */ = {isa = PBXBuildFile; fileRef = 362301F4D9F3494F257A83B1 /* RecentFilesMenuTemplate.nib */; };
		94D856A6F72CA3C27DB817E7 /* include_juce_gui_basics.mm in Sources */ = {isa = PBXBuildFile; fileRef = DF21A92FA40535D46646DA93 /* include_juce_gui_basics.mm */; };
		99CAD7971DB8C87B79AB2B0C /* Main.cpp in Sources */ = {isa = PBXBuildFile; fileRef = C18CFCFFAE8241D1D539735E /* Main.cpp */; };
		9CABDB780A220E97B1899E38 /* myo.framework in Frameworks */ = {isa = PBXBuildFile; fileRef = AD34A39CF97F291536646032 /* myo.framework */; };
		AC3F37B568A30ABAEEBA3604 /* WaveformLength.cpp in Sources */ = {isa = PBXBuildFile; fileRef = FDEC816BE9A39CADB0B0A69C /* WaveformLength.cpp */; };
		B49A04CF078408C58A352639 /* Orientation.cpp in Sources */ = {isa = PBXBuildFile; fileRef = 7F7535CCD13DBE78F9C9DE3E /* Orientation.cpp */; };
		C116BA0C6679EE33707BA158 /* IOKit.framework in Frameworks */ = {isa = PBXBuildFile; fileRef = C4CC130375FB18D502CFB639 /* IOKit.framework */; };
		D6B1435E336D3D5A66FCF16B /* Carbon.framework in Frameworks */ = {isa = PBXBuildFile; fileRef = 175332EA85B1F4026F148E47 /* Carbon.framework */; };
		E0E2975352C263B3304FB06D /* BinaryData.cpp in Sources */ = {isa = PBXBuildFile; fileRef = E63FB5683F3DD5CB2F45DCF6 /* BinaryData.cpp */; };
		EA6B6B9A2254D93F7BE9742B /* Cocoa.framework in Frameworks */ = {isa = PBXBuildFile; fileRef = 64200BD72BE5B8158B73877B /* Cocoa.framework */; };
		F5324260E789559477D07EA6 /* AboutWindowContent.cpp in Sources */ = {isa = PBXBuildFile; fileRef = 8F4061DFFE4A9269D4867954 /* AboutWindowContent.cpp */; };
/* End PBXBuildFile section */

/* Begin PBXFileReference section */
		079B3A191BE4DC5CE6755D14 /* include_juce_data_structures.mm */ = {isa = PBXFileReference; lastKnownFileType = sourcecode.cpp.objcpp; name = include_juce_data_structures.mm; path = ../../JuceLibraryCode/include_juce_data_structures.mm; sourceTree = SOURCE_ROOT; };
		0BF7F949C1A5C51D862B8913 /* AppConfig.h */ = {isa = PBXFileReference; lastKnownFileType = sourcecode.c.h; name = AppConfig.h; path = ../../JuceLibraryCode/AppConfig.h; sourceTree = SOURCE_ROOT; };
		0CCC5FFD5FD927C3D6D22C4B /* MyoManager.cpp */ = {isa = PBXFileReference; lastKnownFileType = sourcecode.cpp.cpp; name = MyoManager.cpp; path = ../../Source/MyoManager.cpp; sourceTree = SOURCE_ROOT; };
		1491F92B87C1EA3AC84FF124 /* OSC.h */ = {isa = PBXFileReference; lastKnownFileType = sourcecode.c.h; name = OSC.h; path = ../../Source/OSC.h; sourceTree = SOURCE_ROOT; };
		153F3F7A0B33D6620424FABD /* icon.png */ = {isa = PBXFileReference; lastKnownFileType = image.png; name = icon.png; path = ../../Resources/icon.png; sourceTree = SOURCE_ROOT; };
		175332EA85B1F4026F148E47 /* Carbon.framework */ = {isa = PBXFileReference; lastKnownFileType = wrapper.framework; name = Carbon.framework; path = System/Library/Frameworks/Carbon.framework; sourceTree = SDKROOT; };
		19D13FF6E2668F91946131BA /* MyoListener.cpp */ = {isa = PBXFileReference; lastKnownFileType = sourcecode.cpp.cpp; name = MyoListener.cpp; path = ../../Source/MyoListener.cpp; sourceTree = SOURCE_ROOT; };
		1EF058894013FE550E2D5F0F /* Icon.icns */ = {isa = PBXFileReference; lastKnownFileType = file.icns; path = Icon.icns; sourceTree = SOURCE_ROOT; };
		2AC76103532FA06F6D55FE73 /* AboutWindowContent.h */ = {isa = PBXFileReference; lastKnownFileType = sourcecode.c.h; name = AboutWindowContent.h; path = ../../Source/AboutWindowContent.h; sourceTree = SOURCE_ROOT; };
		2C1D2867C00171760E01A97D /* MyoManager.h */ = {isa = PBXFileReference; lastKnownFileType = sourcecode.c.h; name = MyoManager.h; path = ../../Source/MyoManager.h; sourceTree = SOURCE_ROOT; };
		34549BDEAEF79A8B5E01A4D5 /* JuceHeader.h */ = {isa = PBXFileReference; lastKnownFileType = sourcecode.c.h; name = JuceHeader.h; path = ../../JuceLibraryCode/JuceHeader.h; sourceTree = SOURCE_ROOT; };
		362301F4D9F3494F257A83B1 /* RecentFilesMenuTemplate.nib */ = {isa = PBXFileReference; lastKnownFileType = file.nib; path = RecentFilesMenuTemplate.nib; sourceTree = SOURCE_ROOT; };
		374F0149F402FB7BA8DE3AAB /* include_juce_opengl.mm */ = {isa = PBXFileReference; lastKnownFileType = sourcecode.cpp.objcpp; name = include_juce_opengl.mm; path = ../../JuceLibraryCode/include_juce_opengl.mm; sourceTree = SOURCE_ROOT; };
		40A7AEE27559C18635A92AB9 /* Myo Mapper.app */ = {isa = PBXFileReference; explicitFileType = wrapper.application; includeInIndex = 0; path = "Myo Mapper.app"; sourceTree = BUILT_PRODUCTS_DIR; };
		4101C7A2C97BFDB8B078BCA4 /* MyoData.h */ = {isa = PBXFileReference; lastKnownFileType = sourcecode.c.h; name = MyoData.h; path = ../../Source/MyoData.h; sourceTree = SOURCE_ROOT; };
		42B6B3818D1B46794FED17B5 /* juce_core */ = {isa = PBXFileReference; lastKnownFileType = folder; name = juce_core; path = /Applications/JUCE/modules/juce_core; sourceTree = "<absolute>"; };
		486A12096CEF9BE7F47C4474 /* HelpWindow.cpp */ = {isa = PBXFileReference; lastKnownFileType = sourcecode.cpp.cpp; name = HelpWindow.cpp; path = ../../Source/HelpWindow.cpp; sourceTree = SOURCE_ROOT; };
		4F2BA0E35D03A7EE8482CB44 /* include_juce_events.mm */ = {isa = PBXFileReference; lastKnownFileType = sourcecode.cpp.objcpp; name = include_juce_events.mm; path = ../../JuceLibraryCode/include_juce_events.mm; sourceTree = SOURCE_ROOT; };
		5925D657E626520AF65F7EDB /* Rescale.h */ = {isa = PBXFileReference; lastKnownFileType = sourcecode.c.h; name = Rescale.h; path = ../../Source/Rescale.h; sourceTree = SOURCE_ROOT; };
		5C3D777DD00DF7E150705483 /* juce_opengl */ = {isa = PBXFileReference; lastKnownFileType = folder; name = juce_opengl; path = /Applications/JUCE/modules/juce_opengl; sourceTree = "<absolute>"; };
		64200BD72BE5B8158B73877B /* Cocoa.framework */ = {isa = PBXFileReference; lastKnownFileType = wrapper.framework; name = Cocoa.framework; path = System/Library/Frameworks/Cocoa.framework; sourceTree = SDKROOT; };
		663FC95A1253F250D8926A5B /* include_juce_core.mm */ = {isa = PBXFileReference; lastKnownFileType = sourcecode.cpp.objcpp; name = include_juce_core.mm; path = ../../JuceLibraryCode/include_juce_core.mm; sourceTree = SOURCE_ROOT; };
		686D9508AB29F652D5C9932D /* BinaryData.h */ = {isa = PBXFileReference; lastKnownFileType = sourcecode.c.h; name = BinaryData.h; path = ../../JuceLibraryCode/BinaryData.h; sourceTree = SOURCE_ROOT; };
		73A7FD8AD927E1FD41035B14 /* Settings.cpp */ = {isa = PBXFileReference; lastKnownFileType = sourcecode.cpp.cpp; name = Settings.cpp; path = ../../Source/Settings.cpp; sourceTree = SOURCE_ROOT; };
		77FCFB967B0413872AB7D756 /* include_juce_osc.cpp */ = {isa = PBXFileReference; lastKnownFileType = sourcecode.cpp.cpp; name = include_juce_osc.cpp; path = ../../JuceLibraryCode/include_juce_osc.cpp; sourceTree = SOURCE_ROOT; };
		7C5E978CFD814F7BEE80724F /* AboutWindow.h */ = {isa = PBXFileReference; lastKnownFileType = sourcecode.c.h; name = AboutWindow.h; path = ../../Source/AboutWindow.h; sourceTree = SOURCE_ROOT; };
		7CC710E15F702932C6C0E9BA /* juce_gui_extra */ = {isa = PBXFileReference; lastKnownFileType = folder; name = juce_gui_extra; path = /Applications/JUCE/modules/juce_gui_extra; sourceTree = "<absolute>"; };
		7F7535CCD13DBE78F9C9DE3E /* Orientation.cpp */ = {isa = PBXFileReference; lastKnownFileType = sourcecode.cpp.cpp; name = Orientation.cpp; path = ../../Source/Orientation.cpp; sourceTree = SOURCE_ROOT; };
		88D50F8C8E8383496FF731E4 /* OSC.cpp */ = {isa = PBXFileReference; lastKnownFileType = sourcecode.cpp.cpp; name = OSC.cpp; path = ../../Source/OSC.cpp; sourceTree = SOURCE_ROOT; };
		8F4061DFFE4A9269D4867954 /* AboutWindowContent.cpp */ = {isa = PBXFileReference; lastKnownFileType = sourcecode.cpp.cpp; name = AboutWindowContent.cpp; path = ../../Source/AboutWindowContent.cpp; sourceTree = SOURCE_ROOT; };
		936FA6E524D92C9D161A8D55 /* juce_gui_basics */ = {isa = PBXFileReference; lastKnownFileType = folder; name = juce_gui_basics; path = /Applications/JUCE/modules/juce_gui_basics; sourceTree = "<absolute>"; };
		9D9D4AEA6699768570D62086 /* Settings.h */ = {isa = PBXFileReference; lastKnownFileType = sourcecode.c.h; name = Settings.h; path = ../../Source/Settings.h; sourceTree = SOURCE_ROOT; };
		9FD037211A8024A1D92E9BFD /* Info-App.plist */ = {isa = PBXFileReference; lastKnownFileType = text.plist.xml; path = "Info-App.plist"; sourceTree = SOURCE_ROOT; };
		A2989E8B451EA16F642558CF /* juce_osc */ = {isa = PBXFileReference; lastKnownFileType = folder; name = juce_osc; path = /Applications/JUCE/modules/juce_osc; sourceTree = "<absolute>"; };
		A4BD91A734CFFC259F0478DF /* juce_graphics */ = {isa = PBXFileReference; lastKnownFileType = folder; name = juce_graphics; path = /Applications/JUCE/modules/juce_graphics; sourceTree = "<absolute>"; };
		A6961D66C3C9A60E52FE8322 /* OpenGL.framework */ = {isa = PBXFileReference; lastKnownFileType = wrapper.framework; name = OpenGL.framework; path = System/Library/Frameworks/OpenGL.framework; sourceTree = SDKROOT; };
		A6E415AB6CA42169996127C4 /* Pose.h */ = {isa = PBXFileReference; lastKnownFileType = sourcecode.c.h; name = Pose.h; path = ../../Source/Pose.h; sourceTree = SOURCE_ROOT; };
		A7D0871D605D5AA2424CC701 /* AboutWindow.cpp */ = {isa = PBXFileReference; lastKnownFileType = sourcecode.cpp.cpp; name = AboutWindow.cpp; path = ../../Source/AboutWindow.cpp; sourceTree = SOURCE_ROOT; };
		AD34A39CF97F291536646032 /* myo.framework */ = {isa = PBXFileReference; lastKnownFileType = wrapper.framework; name = myo.framework; path = System/Library/Frameworks/myo.framework; sourceTree = SDKROOT; };
		B45BCCAF5D0552B62F8ADC0C /* WebKit.framework */ = {isa = PBXFileReference; lastKnownFileType = wrapper.framework; name = WebKit.framework; path = System/Library/Frameworks/WebKit.framework; sourceTree = SDKROOT; };
		B58ABC965A528CC03C4AB6E6 /* juce_events */ = {isa = PBXFileReference; lastKnownFileType = folder; name = juce_events; path = /Applications/JUCE/modules/juce_events; sourceTree = "<absolute>"; };
		B911AB88CF178CDC2CF9D205 /* Orientation.h */ = {isa = PBXFileReference; lastKnownFileType = sourcecode.c.h; name = Orientation.h; path = ../../Source/Orientation.h; sourceTree = SOURCE_ROOT; };
		C18CFCFFAE8241D1D539735E /* Main.cpp */ = {isa = PBXFileReference; lastKnownFileType = sourcecode.cpp.cpp; name = Main.cpp; path = ../../Source/Main.cpp; sourceTree = SOURCE_ROOT; };
		C32D1B1F4BC16117D5E1572F /* MainComponent.cpp */ = {isa = PBXFileReference; lastKnownFileType = sourcecode.cpp.cpp; name = MainComponent.cpp; path = ../../Source/MainComponent.cpp; sourceTree = SOURCE_ROOT; };
		C3763EEFFA10B67870841C5D /* HelpWindow.h */ = {isa = PBXFileReference; lastKnownFileType = sourcecode.c.h; name = HelpWindow.h; path = ../../Source/HelpWindow.h; sourceTree = SOURCE_ROOT; };
		C4CC130375FB18D502CFB639 /* IOKit.framework */ = {isa = PBXFileReference; lastKnownFileType = wrapper.framework; name = IOKit.framework; path = System/Library/Frameworks/IOKit.framework; sourceTree = SDKROOT; };
		C5F124CD026F1046BA83D694 /* include_juce_graphics.mm */ = {isa = PBXFileReference; lastKnownFileType = sourcecode.cpp.objcpp; name = include_juce_graphics.mm; path = ../../JuceLibraryCode/include_juce_graphics.mm; sourceTree = SOURCE_ROOT; };
		C60FDE7E6099C04D7D42CE5B /* WaveformLength.h */ = {isa = PBXFileReference; lastKnownFileType = sourcecode.c.h; name = WaveformLength.h; path = ../../Source/WaveformLength.h; sourceTree = SOURCE_ROOT; };
		CD361DFDE4A50FA44110EC2D /* juce_data_structures */ = {isa = PBXFileReference; lastKnownFileType = folder; name = juce_data_structures; path = /Applications/JUCE/modules/juce_data_structures; sourceTree = "<absolute>"; };
		CF908B80E30257AE8BBF0E95 /* Rescale.cpp */ = {isa = PBXFileReference; lastKnownFileType = sourcecode.cpp.cpp; name = Rescale.cpp; path = ../../Source/Rescale.cpp; sourceTree = SOURCE_ROOT; };
		D0E27C8574274A61319FA848 /* Pose.cpp */ = {isa = PBXFileReference; lastKnownFileType = sourcecode.cpp.cpp; name = Pose.cpp; path = ../../Source/Pose.cpp; sourceTree = SOURCE_ROOT; };
		DF21A92FA40535D46646DA93 /* include_juce_gui_basics.mm */ = {isa = PBXFileReference; lastKnownFileType = sourcecode.cpp.objcpp; name = include_juce_gui_basics.mm; path = ../../JuceLibraryCode/include_juce_gui_basics.mm; sourceTree = SOURCE_ROOT; };
		E63FB5683F3DD5CB2F45DCF6 /* BinaryData.cpp */ = {isa = PBXFileReference; lastKnownFileType = sourcecode.cpp.cpp; name = BinaryData.cpp; path = ../../JuceLibraryCode/BinaryData.cpp; sourceTree = SOURCE_ROOT; };
		E6E6954C629C7F77AA260475 /* MyoListener.h */ = {isa = PBXFileReference; lastKnownFileType = sourcecode.c.h; name = MyoListener.h; path = ../../Source/MyoListener.h; sourceTree = SOURCE_ROOT; };
		EEF39C81C7C79A4A39C8C86A /* QuartzCore.framework */ = {isa = PBXFileReference; lastKnownFileType = wrapper.framework; name = QuartzCore.framework; path = System/Library/Frameworks/QuartzCore.framework; sourceTree = SDKROOT; };
		F89CEB00FDE42784CBA9F564 /* include_juce_gui_extra.mm */ = {isa = PBXFileReference; lastKnownFileType = sourcecode.cpp.objcpp; name = include_juce_gui_extra.mm; path = ../../JuceLibraryCode/include_juce_gui_extra.mm; sourceTree = SOURCE_ROOT; };
		FB92A91114FF1450F33E3909 /* MainComponent.h */ = {isa = PBXFileReference; lastKnownFileType = sourcecode.c.h; name = MainComponent.h; path = ../../Source/MainComponent.h; sourceTree = SOURCE_ROOT; };
		FDEC816BE9A39CADB0B0A69C /* WaveformLength.cpp */ = {isa = PBXFileReference; lastKnownFileType = sourcecode.cpp.cpp; name = WaveformLength.cpp; path = ../../Source/WaveformLength.cpp; sourceTree = SOURCE_ROOT; };
/* End PBXFileReference section */

/* Begin PBXFrameworksBuildPhase section */
		EDA380A82341BC06E239D3AD /* Frameworks */ = {
			isa = PBXFrameworksBuildPhase;
			buildActionMask = 2147483647;
			files = (
				D6B1435E336D3D5A66FCF16B /* Carbon.framework in Frameworks */,
				EA6B6B9A2254D93F7BE9742B /* Cocoa.framework in Frameworks */,
				C116BA0C6679EE33707BA158 /* IOKit.framework in Frameworks */,
				9CABDB780A220E97B1899E38 /* myo.framework in Frameworks */,
				00C21076546BD3C41BE3490C /* OpenGL.framework in Frameworks */,
				808C19E032283899C075FEFF /* QuartzCore.framework in Frameworks */,
				6507943995181A90AF2AB700 /* WebKit.framework in Frameworks */,
			);
			runOnlyForDeploymentPostprocessing = 0;
		};
/* End PBXFrameworksBuildPhase section */

/* Begin PBXGroup section */
		13A68A86F95408248A320199 /* Source */ = {
			isa = PBXGroup;
			children = (
				41441FC2D162F780FA517D7C /* Myo Mapper */,
				964B5E97FBE24E0EA7E7E51A /* Juce Modules */,
				EF9DA02E16751E3438391768 /* Juce Library Code */,
				76EDF0D8D553D2782B5CF7AF /* Resources */,
				A8B8923DE26E7730A43A9AFD /* Frameworks */,
				6CB52BB1DAFCE9A5FADD6C4D /* Products */,
			);
			name = Source;
			sourceTree = "<group>";
		};
		20D383E2F058B24531C5590B /* Source */ = {
			isa = PBXGroup;
			children = (
				637A23D6B755500E5CF86F0C /* Resources */,
				479040BE99DE4939EA6751A2 /* Myo */,
				74404BA4E1587BCF7FD4C214 /* MenuBar */,
				C18CFCFFAE8241D1D539735E /* Main.cpp */,
				C32D1B1F4BC16117D5E1572F /* MainComponent.cpp */,
				FB92A91114FF1450F33E3909 /* MainComponent.h */,
				73A7FD8AD927E1FD41035B14 /* Settings.cpp */,
				9D9D4AEA6699768570D62086 /* Settings.h */,
				7F7535CCD13DBE78F9C9DE3E /* Orientation.cpp */,
				B911AB88CF178CDC2CF9D205 /* Orientation.h */,
				D0E27C8574274A61319FA848 /* Pose.cpp */,
				A6E415AB6CA42169996127C4 /* Pose.h */,
				CF908B80E30257AE8BBF0E95 /* Rescale.cpp */,
				5925D657E626520AF65F7EDB /* Rescale.h */,
				88D50F8C8E8383496FF731E4 /* OSC.cpp */,
				1491F92B87C1EA3AC84FF124 /* OSC.h */,
			);
			name = Source;
			sourceTree = "<group>";
		};
		41441FC2D162F780FA517D7C /* Myo Mapper */ = {
			isa = PBXGroup;
			children = (
				20D383E2F058B24531C5590B /* Source */,
			);
			name = "Myo Mapper";
			sourceTree = "<group>";
		};
		479040BE99DE4939EA6751A2 /* Myo */ = {
			isa = PBXGroup;
			children = (
				4101C7A2C97BFDB8B078BCA4 /* MyoData.h */,
				0CCC5FFD5FD927C3D6D22C4B /* MyoManager.cpp */,
				2C1D2867C00171760E01A97D /* MyoManager.h */,
				19D13FF6E2668F91946131BA /* MyoListener.cpp */,
				E6E6954C629C7F77AA260475 /* MyoListener.h */,
				FDEC816BE9A39CADB0B0A69C /* WaveformLength.cpp */,
				C60FDE7E6099C04D7D42CE5B /* WaveformLength.h */,
			);
			name = Myo;
			sourceTree = "<group>";
		};
		637A23D6B755500E5CF86F0C /* Resources */ = {
			isa = PBXGroup;
			children = (
				153F3F7A0B33D6620424FABD /* icon.png */,
			);
			name = Resources;
			sourceTree = "<group>";
		};
		6CB52BB1DAFCE9A5FADD6C4D /* Products */ = {
			isa = PBXGroup;
			children = (
				40A7AEE27559C18635A92AB9 /* Myo Mapper.app */,
			);
			name = Products;
			sourceTree = "<group>";
		};
		74404BA4E1587BCF7FD4C214 /* MenuBar */ = {
			isa = PBXGroup;
			children = (
				8F4061DFFE4A9269D4867954 /* AboutWindowContent.cpp */,
				2AC76103532FA06F6D55FE73 /* AboutWindowContent.h */,
				A7D0871D605D5AA2424CC701 /* AboutWindow.cpp */,
				7C5E978CFD814F7BEE80724F /* AboutWindow.h */,
				486A12096CEF9BE7F47C4474 /* HelpWindow.cpp */,
				C3763EEFFA10B67870841C5D /* HelpWindow.h */,
			);
			name = MenuBar;
			sourceTree = "<group>";
		};
		76EDF0D8D553D2782B5CF7AF /* Resources */ = {
			isa = PBXGroup;
			children = (
				9FD037211A8024A1D92E9BFD /* Info-App.plist */,
				362301F4D9F3494F257A83B1 /* RecentFilesMenuTemplate.nib */,
				1EF058894013FE550E2D5F0F /* Icon.icns */,
			);
			name = Resources;
			sourceTree = "<group>";
		};
		964B5E97FBE24E0EA7E7E51A /* Juce Modules */ = {
			isa = PBXGroup;
			children = (
				42B6B3818D1B46794FED17B5 /* juce_core */,
				CD361DFDE4A50FA44110EC2D /* juce_data_structures */,
				B58ABC965A528CC03C4AB6E6 /* juce_events */,
				A4BD91A734CFFC259F0478DF /* juce_graphics */,
				936FA6E524D92C9D161A8D55 /* juce_gui_basics */,
				7CC710E15F702932C6C0E9BA /* juce_gui_extra */,
				5C3D777DD00DF7E150705483 /* juce_opengl */,
				A2989E8B451EA16F642558CF /* juce_osc */,
			);
			name = "Juce Modules";
			sourceTree = "<group>";
		};
		A8B8923DE26E7730A43A9AFD /* Frameworks */ = {
			isa = PBXGroup;
			children = (
				175332EA85B1F4026F148E47 /* Carbon.framework */,
				64200BD72BE5B8158B73877B /* Cocoa.framework */,
				C4CC130375FB18D502CFB639 /* IOKit.framework */,
				AD34A39CF97F291536646032 /* myo.framework */,
				A6961D66C3C9A60E52FE8322 /* OpenGL.framework */,
				EEF39C81C7C79A4A39C8C86A /* QuartzCore.framework */,
				B45BCCAF5D0552B62F8ADC0C /* WebKit.framework */,
			);
			name = Frameworks;
			sourceTree = "<group>";
		};
		EF9DA02E16751E3438391768 /* Juce Library Code */ = {
			isa = PBXGroup;
			children = (
				0BF7F949C1A5C51D862B8913 /* AppConfig.h */,
				E63FB5683F3DD5CB2F45DCF6 /* BinaryData.cpp */,
				686D9508AB29F652D5C9932D /* BinaryData.h */,
				663FC95A1253F250D8926A5B /* include_juce_core.mm */,
				079B3A191BE4DC5CE6755D14 /* include_juce_data_structures.mm */,
				4F2BA0E35D03A7EE8482CB44 /* include_juce_events.mm */,
				C5F124CD026F1046BA83D694 /* include_juce_graphics.mm */,
				DF21A92FA40535D46646DA93 /* include_juce_gui_basics.mm */,
				F89CEB00FDE42784CBA9F564 /* include_juce_gui_extra.mm */,
				374F0149F402FB7BA8DE3AAB /* include_juce_opengl.mm */,
				77FCFB967B0413872AB7D756 /* include_juce_osc.cpp */,
				34549BDEAEF79A8B5E01A4D5 /* JuceHeader.h */,
			);
			name = "Juce Library Code";
			sourceTree = "<group>";
		};
/* End PBXGroup section */

/* Begin PBXNativeTarget section */
		16D9E24D9D1B08C0B67EDE4A /* Myo Mapper - App */ = {
			isa = PBXNativeTarget;
			buildConfigurationList = 5BBC7D78E6887B770A7B6202 /* Build configuration list for PBXNativeTarget "Myo Mapper - App" */;
			buildPhases = (
				81615E2E007322A88C58DB5F /* Resources */,
				04585E7B6D39EA4D1DA7CF92 /* Sources */,
				EDA380A82341BC06E239D3AD /* Frameworks */,
				128EAE48529CD020F3D877A3 /* Post-build script */,
			);
			buildRules = (
			);
			dependencies = (
			);
			name = "Myo Mapper - App";
			productName = "Myo Mapper";
			productReference = 40A7AEE27559C18635A92AB9 /* Myo Mapper.app */;
			productType = "com.apple.product-type.application";
		};
/* End PBXNativeTarget section */

/* Begin PBXProject section */
		E84B7AADB1429B2923308D8A /* Project object */ = {
			isa = PBXProject;
			attributes = {
				LastUpgradeCheck = 0830;
				TargetAttributes = {
					16D9E24D9D1B08C0B67EDE4A = {
						SystemCapabilities = {
							com.apple.ApplicationGroups.iOS = {
								enabled = 0;
							};
							com.apple.InAppPurchase = {
								enabled = 0;
							};
							com.apple.InterAppAudio = {
								enabled = 0;
							};
							com.apple.Push = {
								enabled = 0;
							};
							com.apple.Sandbox = {
								enabled = 0;
							};
						};
					};
				};
			};
			buildConfigurationList = FC39E801B6BC6CA6EEB24966 /* Build configuration list for PBXProject "Myo Mapper" */;
			compatibilityVersion = "Xcode 3.2";
			developmentRegion = English;
			hasScannedForEncodings = 0;
			knownRegions = (
				en,
			);
			mainGroup = 13A68A86F95408248A320199 /* Source */;
			projectDirPath = "";
			projectRoot = "";
			targets = (
				16D9E24D9D1B08C0B67EDE4A /* Myo Mapper - App */,
			);
		};
/* End PBXProject section */

/* Begin PBXResourcesBuildPhase section */
		81615E2E007322A88C58DB5F /* Resources */ = {
			isa = PBXResourcesBuildPhase;
			buildActionMask = 2147483647;
			files = (
				8C8F9A92519A4EA918581B03 /* RecentFilesMenuTemplate.nib in Resources */,
				0454F6D3CE70B576DE2467CF /* Icon.icns in Resources */,
			);
			runOnlyForDeploymentPostprocessing = 0;
		};
/* End PBXResourcesBuildPhase section */

/* Begin PBXShellScriptBuildPhase section */
		128EAE48529CD020F3D877A3 /* Post-build script */ = {
			isa = PBXShellScriptBuildPhase;
			buildActionMask = 2147483647;
			files = (
			);
			name = "Post-build script";
			runOnlyForDeploymentPostprocessing = 0;
			shellPath = /bin/sh;
			shellScript = "dst=${CONFIGURATION_BUILD_DIR}/${CONTENTS_FOLDER_PATH}/Frameworks\nmkdir -p \"${dst}\"";
		};
/* End PBXShellScriptBuildPhase section */

/* Begin PBXSourcesBuildPhase section */
		04585E7B6D39EA4D1DA7CF92 /* Sources */ = {
			isa = PBXSourcesBuildPhase;
			buildActionMask = 2147483647;
			files = (
				406A3622585F79E74E579FA2 /* MyoManager.cpp in Sources */,
				6569CA647B130FEE16D6052F /* MyoListener.cpp in Sources */,
				AC3F37B568A30ABAEEBA3604 /* WaveformLength.cpp in Sources */,
				F5324260E789559477D07EA6 /* AboutWindowContent.cpp in Sources */,
				5352F012067A453DFCBA07D5 /* HelpWindow.cpp in Sources */,
				122E47FA3A41E4FD0E731401 /* AboutWindow.cpp in Sources */,
				99CAD7971DB8C87B79AB2B0C /* Main.cpp in Sources */,
				6BC1398793FCC5C37ABBF1CA /* MainComponent.cpp in Sources */,
				63F5EFE81768D71459E09C33 /* Settings.cpp in Sources */,
				B49A04CF078408C58A352639 /* Orientation.cpp in Sources */,
				3249BC9D9EFFE689218A472F /* Pose.cpp in Sources */,
				0B402B3B086B4CC6082C841A /* Rescale.cpp in Sources */,
				238D62E99C4B1F9F7F8DC6D5 /* OSC.cpp in Sources */,
				E0E2975352C263B3304FB06D /* BinaryData.cpp in Sources */,
				533A7BF0697FD9559F3531CB /* include_juce_core.mm in Sources */,
				213B84422D5E296F87A9953D /* include_juce_data_structures.mm in Sources */,
				191126CDFE05B4DD77814475 /* include_juce_events.mm in Sources */,
				395070209AB1F4B1098D5BB5 /* include_juce_graphics.mm in Sources */,
				94D856A6F72CA3C27DB817E7 /* include_juce_gui_basics.mm in Sources */,
				06939BB9EBCAC3CF41C7F641 /* include_juce_gui_extra.mm in Sources */,
				03698EE2E5FF48CDE29AEC46 /* include_juce_opengl.mm in Sources */,
				3241BB551AF7B80A02389059 /* include_juce_osc.cpp in Sources */,
			);
			runOnlyForDeploymentPostprocessing = 0;
		};
/* End PBXSourcesBuildPhase section */

/* Begin XCBuildConfiguration section */
		5A50E6D4925BA92672A586A1 /* Debug */ = {
			isa = XCBuildConfiguration;
			buildSettings = {
				CLANG_CXX_LANGUAGE_STANDARD = "c++11";
				CLANG_LINK_OBJC_RUNTIME = NO;
				COMBINE_HIDPI_IMAGES = YES;
				CONFIGURATION_BUILD_DIR = "$(PROJECT_DIR)/build/$(CONFIGURATION)";
				COPY_PHASE_STRIP = NO;
				FRAMEWORK_SEARCH_PATHS = /Library/Frameworks/;
				GCC_DYNAMIC_NO_PIC = NO;
				GCC_OPTIMIZATION_LEVEL = 0;
				GCC_PREPROCESSOR_DEFINITIONS = (
					"_DEBUG=1",
					"DEBUG=1",
					"JUCER_XCODE_MAC_F6D2F4CF=1",
					"JUCE_APP_VERSION=2.5.13",
					"JUCE_APP_VERSION_HEX=0x2050d",
					"JucePlugin_Build_VST=0",
					"JucePlugin_Build_VST3=0",
					"JucePlugin_Build_AU=0",
					"JucePlugin_Build_AUv3=0",
					"JucePlugin_Build_RTAS=0",
					"JucePlugin_Build_AAX=0",
					"JucePlugin_Build_Standalone=0",
				);
				GCC_VERSION = com.apple.compilers.llvm.clang.1_0;
				HEADER_SEARCH_PATHS = (
					../../JuceLibraryCode,
					/Applications/JUCE/modules,
					"$(inherited)",
				);
				INFOPLIST_FILE = "Info-App.plist";
				INFOPLIST_PREPROCESS = NO;
				INSTALL_PATH = "$(HOME)/Applications";
				LD_RUNPATH_SEARCH_PATHS = "@loader_path/../Frameworks";
				MACOSX_DEPLOYMENT_TARGET = 10.11;
				MACOSX_DEPLOYMENT_TARGET_ppc = 10.4;
				PRODUCT_BUNDLE_IDENTIFIER = com.balandinodidonato.MyoMapper;
				SDKROOT_ppc = macosx10.5;
				USE_HEADERMAP = NO;
			};
			name = Debug;
		};
		5B33BA99A75EF767051F086A /* Release */ = {
			isa = XCBuildConfiguration;
			buildSettings = {
				CLANG_CXX_LANGUAGE_STANDARD = "c++11";
				CLANG_LINK_OBJC_RUNTIME = NO;
				COMBINE_HIDPI_IMAGES = YES;
				CONFIGURATION_BUILD_DIR = "$(PROJECT_DIR)/build/$(CONFIGURATION)";
				DEAD_CODE_STRIPPING = YES;
				FRAMEWORK_SEARCH_PATHS = /Library/Frameworks/;
				GCC_GENERATE_DEBUGGING_SYMBOLS = NO;
				GCC_OPTIMIZATION_LEVEL = 3;
				GCC_PREPROCESSOR_DEFINITIONS = (
					"_NDEBUG=1",
					"NDEBUG=1",
					"JUCER_XCODE_MAC_F6D2F4CF=1",
					"JUCE_APP_VERSION=2.5.13",
					"JUCE_APP_VERSION_HEX=0x2050d",
					"JucePlugin_Build_VST=0",
					"JucePlugin_Build_VST3=0",
					"JucePlugin_Build_AU=0",
					"JucePlugin_Build_AUv3=0",
					"JucePlugin_Build_RTAS=0",
					"JucePlugin_Build_AAX=0",
					"JucePlugin_Build_Standalone=0",
				);
				GCC_SYMBOLS_PRIVATE_EXTERN = YES;
				GCC_VERSION = com.apple.compilers.llvm.clang.1_0;
				HEADER_SEARCH_PATHS = (
					../../JuceLibraryCode,
					/Applications/JUCE/modules,
					"$(inherited)",
				);
				INFOPLIST_FILE = "Info-App.plist";
				INFOPLIST_PREPROCESS = NO;
				INSTALL_PATH = "$(HOME)/Applications";
				MACOSX_DEPLOYMENT_TARGET = 10.11;
				MACOSX_DEPLOYMENT_TARGET_ppc = 10.4;
				PRODUCT_BUNDLE_IDENTIFIER = com.balandinodidonato.MyoMapper;
				SDKROOT_ppc = macosx10.5;
				USE_HEADERMAP = NO;
			};
			name = Release;
		};
		71E743E082988A2B1D8725EF /* Release */ = {
			isa = XCBuildConfiguration;
			buildSettings = {
				ALWAYS_SEARCH_USER_PATHS = NO;
				CLANG_WARN_BLOCK_CAPTURE_AUTORELEASING = YES;
				CLANG_WARN_BOOL_CONVERSION = YES;
				CLANG_WARN_COMMA = YES;
				CLANG_WARN_CONSTANT_CONVERSION = YES;
				CLANG_WARN_EMPTY_BODY = YES;
				CLANG_WARN_ENUM_CONVERSION = YES;
				CLANG_WARN_INFINITE_RECURSION = YES;
				CLANG_WARN_INT_CONVERSION = YES;
				CLANG_WARN_NON_LITERAL_NULL_CONVERSION = YES;
				CLANG_WARN_OBJC_LITERAL_CONVERSION = YES;
				CLANG_WARN_RANGE_LOOP_ANALYSIS = YES;
				CLANG_WARN_STRICT_PROTOTYPES = YES;
				CLANG_WARN_SUSPICIOUS_MOVE = YES;
				CLANG_WARN_UNREACHABLE_CODE = YES;
				CLANG_WARN__DUPLICATE_METHOD_MATCH = YES;
				DEBUG_INFORMATION_FORMAT = dwarf;
				ENABLE_STRICT_OBJC_MSGSEND = YES;
				GCC_C_LANGUAGE_STANDARD = c11;
				GCC_INLINES_ARE_PRIVATE_EXTERN = YES;
				GCC_MODEL_TUNING = G5;
				GCC_NO_COMMON_BLOCKS = YES;
				GCC_WARN_64_TO_32_BIT_CONVERSION = YES;
				GCC_WARN_ABOUT_RETURN_TYPE = YES;
				GCC_WARN_CHECK_SWITCH_STATEMENTS = YES;
				GCC_WARN_MISSING_PARENTHESES = YES;
				GCC_WARN_NON_VIRTUAL_DESTRUCTOR = YES;
				GCC_WARN_TYPECHECK_CALLS_TO_PRINTF = YES;
				GCC_WARN_UNDECLARED_SELECTOR = YES;
				GCC_WARN_UNINITIALIZED_AUTOS = YES;
				GCC_WARN_UNUSED_FUNCTION = YES;
				GCC_WARN_UNUSED_VARIABLE = YES;
				PRODUCT_NAME = "Myo Mapper";
				WARNING_CFLAGS = "-Wreorder";
				ZERO_LINK = NO;
			};
			name = Release;
		};
		FFA6A70C84C0AD2E49A51E62 /* Debug */ = {
			isa = XCBuildConfiguration;
			buildSettings = {
				ALWAYS_SEARCH_USER_PATHS = NO;
				CLANG_WARN_BLOCK_CAPTURE_AUTORELEASING = YES;
				CLANG_WARN_BOOL_CONVERSION = YES;
				CLANG_WARN_COMMA = YES;
				CLANG_WARN_CONSTANT_CONVERSION = YES;
				CLANG_WARN_EMPTY_BODY = YES;
				CLANG_WARN_ENUM_CONVERSION = YES;
				CLANG_WARN_INFINITE_RECURSION = YES;
				CLANG_WARN_INT_CONVERSION = YES;
				CLANG_WARN_NON_LITERAL_NULL_CONVERSION = YES;
				CLANG_WARN_OBJC_LITERAL_CONVERSION = YES;
				CLANG_WARN_RANGE_LOOP_ANALYSIS = YES;
				CLANG_WARN_STRICT_PROTOTYPES = YES;
				CLANG_WARN_SUSPICIOUS_MOVE = YES;
				CLANG_WARN_UNREACHABLE_CODE = YES;
				CLANG_WARN__DUPLICATE_METHOD_MATCH = YES;
				DEBUG_INFORMATION_FORMAT = dwarf;
				ENABLE_STRICT_OBJC_MSGSEND = YES;
				ENABLE_TESTABILITY = YES;
				GCC_C_LANGUAGE_STANDARD = c11;
				GCC_INLINES_ARE_PRIVATE_EXTERN = YES;
				GCC_MODEL_TUNING = G5;
				GCC_NO_COMMON_BLOCKS = YES;
				GCC_WARN_64_TO_32_BIT_CONVERSION = YES;
				GCC_WARN_ABOUT_RETURN_TYPE = YES;
				GCC_WARN_CHECK_SWITCH_STATEMENTS = YES;
				GCC_WARN_MISSING_PARENTHESES = YES;
				GCC_WARN_NON_VIRTUAL_DESTRUCTOR = YES;
				GCC_WARN_TYPECHECK_CALLS_TO_PRINTF = YES;
				GCC_WARN_UNDECLARED_SELECTOR = YES;
				GCC_WARN_UNINITIALIZED_AUTOS = YES;
				GCC_WARN_UNUSED_FUNCTION = YES;
				GCC_WARN_UNUSED_VARIABLE = YES;
				ONLY_ACTIVE_ARCH = YES;
				PRODUCT_NAME = "Myo Mapper";
				WARNING_CFLAGS = "-Wreorder";
				ZERO_LINK = NO;
			};
			name = Debug;
		};
/* End XCBuildConfiguration section */

/* Begin XCConfigurationList section */
		5BBC7D78E6887B770A7B6202 /* Build configuration list for PBXNativeTarget "Myo Mapper - App" */ = {
			isa = XCConfigurationList;
			buildConfigurations = (
				5A50E6D4925BA92672A586A1 /* Debug */,
				5B33BA99A75EF767051F086A /* Release */,
			);
			defaultConfigurationIsVisible = 0;
			defaultConfigurationName = Debug;
		};
		FC39E801B6BC6CA6EEB24966 /* Build configuration list for PBXProject "Myo Mapper" */ = {
			isa = XCConfigurationList;
			buildConfigurations = (
				FFA6A70C84C0AD2E49A51E62 /* Debug */,
				71E743E082988A2B1D8725EF /* Release */,
			);
			defaultConfigurationIsVisible = 0;
			defaultConfigurationName = Debug;
		};
/* End XCConfigurationList section */
	};
	rootObject = E84B7AADB1429B2923308D8A /* Project object */;
}
